// !$*UTF8*$!
{
	archiveVersion = 1;
	classes = {
	};
	objectVersion = 52;
	objects = {

/* Begin PBXBuildFile section */
		159E85416215EC88F7D148C0 /* ThirdPartyLib.framework in Frameworks */ = {isa = PBXBuildFile; fileRef = EB5183A0FEACBD172B648587 /* ThirdPartyLib.framework */; platformFilter = ios; };
		6472686FF69193CD6C7C1081 /* ThirdPartyLib.framework in Frameworks */ = {isa = PBXBuildFile; fileRef = EB5183A0FEACBD172B648587 /* ThirdPartyLib.framework */; platformFilter = ios; };
		98B0420AE8FCE5347739E117 /* ManagerTests.swift in Sources */ = {isa = PBXBuildFile; fileRef = 7785F82C5DBB848A4146D632 /* ManagerTests.swift */; };
		BB1955A225814C348F4BD190 /* Manager.swift in Sources */ = {isa = PBXBuildFile; fileRef = 4848F8BC55F4B6B0ABD7DA20 /* Manager.swift */; };
		C56F4082F50C4F98865B1D28 /* Manager.framework in Frameworks */ = {isa = PBXBuildFile; fileRef = E3DBDF458F54F80A40BB50EF /* Manager.framework */; platformFilter = ios; };
/* End PBXBuildFile section */

/* Begin PBXContainerItemProxy section */
		37FF13A9618EE6DE17602FAE /* PBXContainerItemProxy */ = {
			isa = PBXContainerItemProxy;
			containerPortal = A4712E36C669D75A6C291AA5 /* Project object */;
			proxyType = 1;
			remoteGlobalIDString = 6947F14751DC9CEA1ABAABB3;
			remoteInfo = Manager;
		};
/* End PBXContainerItemProxy section */

/* Begin PBXCopyFilesBuildPhase section */
		DC7EDB53C27F42111F479182 /* Embed Frameworks */ = {
			isa = PBXCopyFilesBuildPhase;
			buildActionMask = 2147483647;
			dstPath = "";
			dstSubfolderSpec = 10;
			files = (
			);
			name = "Embed Frameworks";
			runOnlyForDeploymentPostprocessing = 0;
		};
		E1D3EE0C1103A6232FC6E0D0 /* Embed Frameworks */ = {
			isa = PBXCopyFilesBuildPhase;
			buildActionMask = 2147483647;
			dstPath = "";
			dstSubfolderSpec = 10;
			files = (
			);
			name = "Embed Frameworks";
			runOnlyForDeploymentPostprocessing = 0;
		};
/* End PBXCopyFilesBuildPhase section */

/* Begin PBXFileReference section */
		4848F8BC55F4B6B0ABD7DA20 /* Manager.swift */ = {isa = PBXFileReference; lastKnownFileType = sourcecode.swift; path = Manager.swift; sourceTree = "<group>"; };
		7785F82C5DBB848A4146D632 /* ManagerTests.swift */ = {isa = PBXFileReference; lastKnownFileType = sourcecode.swift; path = ManagerTests.swift; sourceTree = "<group>"; };
		837B22B6F451EB770087D121 /* Manager-Info.plist */ = {isa = PBXFileReference; lastKnownFileType = text.plist; path = "Manager-Info.plist"; sourceTree = "<group>"; };
		B946489BB89A2C8C04F4C902 /* ManagerTests-Info.plist */ = {isa = PBXFileReference; lastKnownFileType = text.plist; path = "ManagerTests-Info.plist"; sourceTree = "<group>"; };
		E3DBDF458F54F80A40BB50EF /* Manager.framework */ = {isa = PBXFileReference; explicitFileType = wrapper.framework; includeInIndex = 0; path = Manager.framework; sourceTree = BUILT_PRODUCTS_DIR; };
		EB5183A0FEACBD172B648587 /* ThirdPartyLib.framework */ = {isa = PBXFileReference; explicitFileType = wrapper.framework; includeInIndex = 0; path = ThirdPartyLib.framework; sourceTree = BUILT_PRODUCTS_DIR; };
		F2BBF42FDC282944A80BD06C /* ManagerTests.xctest */ = {isa = PBXFileReference; explicitFileType = wrapper.cfbundle; includeInIndex = 0; path = ManagerTests.xctest; sourceTree = BUILT_PRODUCTS_DIR; };
/* End PBXFileReference section */

/* Begin PBXFrameworksBuildPhase section */
		2F1FAC6CD7B13AC8F2716EC7 /* Frameworks */ = {
			isa = PBXFrameworksBuildPhase;
			buildActionMask = 2147483647;
			files = (
				C56F4082F50C4F98865B1D28 /* Manager.framework in Frameworks */,
				159E85416215EC88F7D148C0 /* ThirdPartyLib.framework in Frameworks */,
			);
			runOnlyForDeploymentPostprocessing = 0;
		};
		E3AA89B1E534D7F9EC4BFB3E /* Frameworks */ = {
			isa = PBXFrameworksBuildPhase;
			buildActionMask = 2147483647;
			files = (
				6472686FF69193CD6C7C1081 /* ThirdPartyLib.framework in Frameworks */,
			);
			runOnlyForDeploymentPostprocessing = 0;
		};
/* End PBXFrameworksBuildPhase section */

/* Begin PBXGroup section */
		03B6DD1EEBC41F330BDE1990 = {
			isa = PBXGroup;
			children = (
				7D829AC2D5E48CFB494F8787 /* Project */,
				75E5AFB3F7AB6CBE7B050EAE /* Frameworks */,
				D5568C9953975151FCAF2B25 /* Products */,
			);
			sourceTree = "<group>";
		};
		5CDB6D79B3713A7D50BFF69A /* Tests */ = {
			isa = PBXGroup;
			children = (
				7785F82C5DBB848A4146D632 /* ManagerTests.swift */,
			);
			path = Tests;
			sourceTree = "<group>";
		};
		75E5AFB3F7AB6CBE7B050EAE /* Frameworks */ = {
			isa = PBXGroup;
			children = (
			);
			name = Frameworks;
			sourceTree = "<group>";
		};
		7D829AC2D5E48CFB494F8787 /* Project */ = {
			isa = PBXGroup;
			children = (
				F51CDFACAFE88BABF84E458B /* Derived */,
				E22FEB8A7278F2EF0EAE7040 /* Sources */,
				5CDB6D79B3713A7D50BFF69A /* Tests */,
			);
			name = Project;
			sourceTree = "<group>";
		};
		8B02DE551070C8CC9432BFAB /* InfoPlists */ = {
			isa = PBXGroup;
			children = (
				837B22B6F451EB770087D121 /* Manager-Info.plist */,
				B946489BB89A2C8C04F4C902 /* ManagerTests-Info.plist */,
			);
			path = InfoPlists;
			sourceTree = "<group>";
		};
		D5568C9953975151FCAF2B25 /* Products */ = {
			isa = PBXGroup;
			children = (
				E3DBDF458F54F80A40BB50EF /* Manager.framework */,
				F2BBF42FDC282944A80BD06C /* ManagerTests.xctest */,
				EB5183A0FEACBD172B648587 /* ThirdPartyLib.framework */,
			);
			name = Products;
			sourceTree = "<group>";
		};
		E22FEB8A7278F2EF0EAE7040 /* Sources */ = {
			isa = PBXGroup;
			children = (
				4848F8BC55F4B6B0ABD7DA20 /* Manager.swift */,
			);
			path = Sources;
			sourceTree = "<group>";
		};
		F51CDFACAFE88BABF84E458B /* Derived */ = {
			isa = PBXGroup;
			children = (
				8B02DE551070C8CC9432BFAB /* InfoPlists */,
			);
			path = Derived;
			sourceTree = "<group>";
		};
/* End PBXGroup section */

/* Begin PBXNativeTarget section */
		6947F14751DC9CEA1ABAABB3 /* Manager */ = {
			isa = PBXNativeTarget;
			buildConfigurationList = 738CFE615117962832DE0150 /* Build configuration list for PBXNativeTarget "Manager" */;
			buildPhases = (
				504A3EA96E427149866AC92B /* SwiftLintString */,
				3A5F94BD349791988E7119AB /* Sources */,
				1CEDB524429DFCBC1E90C50C /* Resources */,
				E1D3EE0C1103A6232FC6E0D0 /* Embed Frameworks */,
				E3AA89B1E534D7F9EC4BFB3E /* Frameworks */,
			);
			buildRules = (
			);
			dependencies = (
			);
			name = Manager;
			productName = Manager;
			productReference = E3DBDF458F54F80A40BB50EF /* Manager.framework */;
			productType = "com.apple.product-type.framework";
		};
		B837884013A434616D8995B4 /* ManagerTests */ = {
			isa = PBXNativeTarget;
			buildConfigurationList = AF5596FBC49B7B27E448E1B6 /* Build configuration list for PBXNativeTarget "ManagerTests" */;
			buildPhases = (
				AC46714F08BD058E1E8AEEC6 /* Sources */,
				E8B5BDC393FCE42CDC5E7DD2 /* Resources */,
				DC7EDB53C27F42111F479182 /* Embed Frameworks */,
				2F1FAC6CD7B13AC8F2716EC7 /* Frameworks */,
			);
			buildRules = (
			);
			dependencies = (
				696400D846E7EB98E865A8A2 /* PBXTargetDependency */,
			);
			name = ManagerTests;
			productName = ManagerTests;
			productReference = F2BBF42FDC282944A80BD06C /* ManagerTests.xctest */;
			productType = "com.apple.product-type.bundle.unit-test";
		};
/* End PBXNativeTarget section */

/* Begin PBXProject section */
		A4712E36C669D75A6C291AA5 /* Project object */ = {
			isa = PBXProject;
			attributes = {
				ORGANIZATIONNAME = Acha;
				TargetAttributes = {
				};
			};
			buildConfigurationList = AF0A19A3058CBB50C3A9D2E6 /* Build configuration list for PBXProject "Manager" */;
			compatibilityVersion = "Xcode 13.0";
			developmentRegion = en;
			hasScannedForEncodings = 0;
			knownRegions = (
				Base,
				en,
			);
			mainGroup = 03B6DD1EEBC41F330BDE1990;
			productRefGroup = D5568C9953975151FCAF2B25 /* Products */;
			projectDirPath = "";
			projectRoot = "";
			targets = (
				6947F14751DC9CEA1ABAABB3 /* Manager */,
				B837884013A434616D8995B4 /* ManagerTests */,
			);
		};
/* End PBXProject section */

/* Begin PBXResourcesBuildPhase section */
		1CEDB524429DFCBC1E90C50C /* Resources */ = {
			isa = PBXResourcesBuildPhase;
			buildActionMask = 2147483647;
			files = (
			);
			runOnlyForDeploymentPostprocessing = 0;
		};
		E8B5BDC393FCE42CDC5E7DD2 /* Resources */ = {
			isa = PBXResourcesBuildPhase;
			buildActionMask = 2147483647;
			files = (
			);
			runOnlyForDeploymentPostprocessing = 0;
		};
/* End PBXResourcesBuildPhase section */

/* Begin PBXShellScriptBuildPhase section */
		504A3EA96E427149866AC92B /* SwiftLintString */ = {
			isa = PBXShellScriptBuildPhase;
			buildActionMask = 2147483647;
			files = (
			);
			inputFileListPaths = (
			);
			inputPaths = (
			);
			name = SwiftLintString;
			outputFileListPaths = (
			);
			outputPaths = (
			);
			runOnlyForDeploymentPostprocessing = 0;
			shellPath = /bin/sh;
			shellScript = "if test -d \"/opt/homebrew/bin/\"; then\n    PATH=\"/opt/homebrew/bin/:${PATH}\"\nfi\n\nexport PATH\n\nif which swiftlint > /dev/null; then\n    swiftlint\nelse\n    echo \"warning: SwiftLint not installed, download from https://github.com/realm/SwiftLint\"\nfi";
		};
/* End PBXShellScriptBuildPhase section */

/* Begin PBXSourcesBuildPhase section */
		3A5F94BD349791988E7119AB /* Sources */ = {
			isa = PBXSourcesBuildPhase;
			buildActionMask = 2147483647;
			files = (
				BB1955A225814C348F4BD190 /* Manager.swift in Sources */,
			);
			runOnlyForDeploymentPostprocessing = 0;
		};
		AC46714F08BD058E1E8AEEC6 /* Sources */ = {
			isa = PBXSourcesBuildPhase;
			buildActionMask = 2147483647;
			files = (
				98B0420AE8FCE5347739E117 /* ManagerTests.swift in Sources */,
			);
			runOnlyForDeploymentPostprocessing = 0;
		};
/* End PBXSourcesBuildPhase section */

/* Begin PBXTargetDependency section */
		696400D846E7EB98E865A8A2 /* PBXTargetDependency */ = {
			isa = PBXTargetDependency;
			name = Manager;
			target = 6947F14751DC9CEA1ABAABB3 /* Manager */;
			targetProxy = 37FF13A9618EE6DE17602FAE /* PBXContainerItemProxy */;
		};
/* End PBXTargetDependency section */

/* Begin XCBuildConfiguration section */
		4CD200A6A4A1D80CC6D24A10 /* Debug */ = {
			isa = XCBuildConfiguration;
			buildSettings = {
				ALWAYS_SEARCH_USER_PATHS = NO;
				CLANG_ANALYZER_LOCALIZABILITY_NONLOCALIZED = YES;
				CLANG_ANALYZER_NONNULL = YES;
				CLANG_ANALYZER_NUMBER_OBJECT_CONVERSION = YES_AGGRESSIVE;
				CLANG_CXX_LANGUAGE_STANDARD = "gnu++14";
				CLANG_CXX_LIBRARY = "libc++";
				CLANG_ENABLE_MODULES = YES;
				CLANG_ENABLE_OBJC_ARC = YES;
				CLANG_ENABLE_OBJC_WEAK = YES;
				CLANG_WARN_BLOCK_CAPTURE_AUTORELEASING = YES;
				CLANG_WARN_BOOL_CONVERSION = YES;
				CLANG_WARN_COMMA = YES;
				CLANG_WARN_CONSTANT_CONVERSION = YES;
				CLANG_WARN_DEPRECATED_OBJC_IMPLEMENTATIONS = YES;
				CLANG_WARN_DIRECT_OBJC_ISA_USAGE = YES_ERROR;
				CLANG_WARN_DOCUMENTATION_COMMENTS = YES;
				CLANG_WARN_EMPTY_BODY = YES;
				CLANG_WARN_ENUM_CONVERSION = YES;
				CLANG_WARN_INFINITE_RECURSION = YES;
				CLANG_WARN_INT_CONVERSION = YES;
				CLANG_WARN_NON_LITERAL_NULL_CONVERSION = YES;
				CLANG_WARN_OBJC_IMPLICIT_RETAIN_SELF = YES;
				CLANG_WARN_OBJC_LITERAL_CONVERSION = YES;
				CLANG_WARN_OBJC_ROOT_CLASS = YES_ERROR;
				CLANG_WARN_QUOTED_INCLUDE_IN_FRAMEWORK_HEADER = YES;
				CLANG_WARN_RANGE_LOOP_ANALYSIS = YES;
				CLANG_WARN_STRICT_PROTOTYPES = YES;
				CLANG_WARN_SUSPICIOUS_MOVE = YES;
				CLANG_WARN_UNGUARDED_AVAILABILITY = YES_AGGRESSIVE;
				CLANG_WARN_UNREACHABLE_CODE = YES;
				CLANG_WARN__DUPLICATE_METHOD_MATCH = YES;
				COPY_PHASE_STRIP = NO;
				DEAD_CODE_STRIPPING = YES;
				DEBUG_INFORMATION_FORMAT = dwarf;
				ENABLE_STRICT_OBJC_MSGSEND = YES;
				ENABLE_TESTABILITY = YES;
				GCC_C_LANGUAGE_STANDARD = gnu11;
				GCC_DYNAMIC_NO_PIC = NO;
				GCC_NO_COMMON_BLOCKS = YES;
				GCC_OPTIMIZATION_LEVEL = 0;
				GCC_PREPROCESSOR_DEFINITIONS = (
					"DEBUG=1",
					"$(inherited)",
				);
				GCC_WARN_64_TO_32_BIT_CONVERSION = YES;
				GCC_WARN_ABOUT_RETURN_TYPE = YES_ERROR;
				GCC_WARN_UNDECLARED_SELECTOR = YES;
				GCC_WARN_UNINITIALIZED_AUTOS = YES_AGGRESSIVE;
				GCC_WARN_UNUSED_FUNCTION = YES;
				GCC_WARN_UNUSED_VARIABLE = YES;
				MTL_ENABLE_DEBUG_INFO = YES;
				ONLY_ACTIVE_ARCH = YES;
				PRODUCT_NAME = "$(TARGET_NAME)";
			};
			name = Debug;
		};
		5547CD65A74D322F402DD5B9 /* Release */ = {
			isa = XCBuildConfiguration;
			buildSettings = {
				CODE_SIGN_IDENTITY = "iPhone Developer";
				INFOPLIST_FILE = "Derived/InfoPlists/ManagerTests-Info.plist";
				IPHONEOS_DEPLOYMENT_TARGET = 14.0;
				LD_RUNPATH_SEARCH_PATHS = (
					"$(inherited)",
					"@executable_path/Frameworks",
					"@loader_path/Frameworks",
				);
				PRODUCT_BUNDLE_IDENTIFIER = Acha.ManagerTests;
				PRODUCT_NAME = ManagerTests;
				SDKROOT = iphoneos;
				SUPPORTS_MACCATALYST = NO;
				SWIFT_COMPILATION_MODE = wholemodule;
				SWIFT_OPTIMIZATION_LEVEL = "-Owholemodule";
				SWIFT_VERSION = 5.0;
				TARGETED_DEVICE_FAMILY = "1,2";
			};
			name = Release;
		};
		57015AAB3CEE18E83B375F4B /* Release */ = {
			isa = XCBuildConfiguration;
			buildSettings = {
				ALWAYS_SEARCH_USER_PATHS = NO;
				CLANG_ANALYZER_LOCALIZABILITY_NONLOCALIZED = YES;
				CLANG_ANALYZER_NONNULL = YES;
				CLANG_ANALYZER_NUMBER_OBJECT_CONVERSION = YES_AGGRESSIVE;
				CLANG_CXX_LANGUAGE_STANDARD = "gnu++14";
				CLANG_CXX_LIBRARY = "libc++";
				CLANG_ENABLE_MODULES = YES;
				CLANG_ENABLE_OBJC_ARC = YES;
				CLANG_ENABLE_OBJC_WEAK = YES;
				CLANG_WARN_BLOCK_CAPTURE_AUTORELEASING = YES;
				CLANG_WARN_BOOL_CONVERSION = YES;
				CLANG_WARN_COMMA = YES;
				CLANG_WARN_CONSTANT_CONVERSION = YES;
				CLANG_WARN_DEPRECATED_OBJC_IMPLEMENTATIONS = YES;
				CLANG_WARN_DIRECT_OBJC_ISA_USAGE = YES_ERROR;
				CLANG_WARN_DOCUMENTATION_COMMENTS = YES;
				CLANG_WARN_EMPTY_BODY = YES;
				CLANG_WARN_ENUM_CONVERSION = YES;
				CLANG_WARN_INFINITE_RECURSION = YES;
				CLANG_WARN_INT_CONVERSION = YES;
				CLANG_WARN_NON_LITERAL_NULL_CONVERSION = YES;
				CLANG_WARN_OBJC_IMPLICIT_RETAIN_SELF = YES;
				CLANG_WARN_OBJC_LITERAL_CONVERSION = YES;
				CLANG_WARN_OBJC_ROOT_CLASS = YES_ERROR;
				CLANG_WARN_QUOTED_INCLUDE_IN_FRAMEWORK_HEADER = YES;
				CLANG_WARN_RANGE_LOOP_ANALYSIS = YES;
				CLANG_WARN_STRICT_PROTOTYPES = YES;
				CLANG_WARN_SUSPICIOUS_MOVE = YES;
				CLANG_WARN_UNGUARDED_AVAILABILITY = YES_AGGRESSIVE;
				CLANG_WARN_UNREACHABLE_CODE = YES;
				CLANG_WARN__DUPLICATE_METHOD_MATCH = YES;
				COPY_PHASE_STRIP = NO;
				DEAD_CODE_STRIPPING = YES;
				DEBUG_INFORMATION_FORMAT = "dwarf-with-dsym";
				ENABLE_NS_ASSERTIONS = NO;
				ENABLE_STRICT_OBJC_MSGSEND = YES;
				GCC_C_LANGUAGE_STANDARD = gnu11;
				GCC_NO_COMMON_BLOCKS = YES;
				GCC_WARN_64_TO_32_BIT_CONVERSION = YES;
				GCC_WARN_ABOUT_RETURN_TYPE = YES_ERROR;
				GCC_WARN_UNDECLARED_SELECTOR = YES;
				GCC_WARN_UNINITIALIZED_AUTOS = YES_AGGRESSIVE;
				GCC_WARN_UNUSED_FUNCTION = YES;
				GCC_WARN_UNUSED_VARIABLE = YES;
				MTL_ENABLE_DEBUG_INFO = NO;
				PRODUCT_NAME = "$(TARGET_NAME)";
				VALIDATE_PRODUCT = YES;
			};
			name = Release;
		};
		7641DB5AF8961B4454220577 /* Debug */ = {
			isa = XCBuildConfiguration;
			buildSettings = {
				CODE_SIGN_IDENTITY = "iPhone Developer";
				INFOPLIST_FILE = "Derived/InfoPlists/ManagerTests-Info.plist";
				IPHONEOS_DEPLOYMENT_TARGET = 14.0;
				LD_RUNPATH_SEARCH_PATHS = (
					"$(inherited)",
					"@executable_path/Frameworks",
					"@loader_path/Frameworks",
				);
				PRODUCT_BUNDLE_IDENTIFIER = Acha.ManagerTests;
				PRODUCT_NAME = ManagerTests;
				SDKROOT = iphoneos;
				SUPPORTS_MACCATALYST = NO;
				SWIFT_ACTIVE_COMPILATION_CONDITIONS = DEBUG;
				SWIFT_COMPILATION_MODE = singlefile;
				SWIFT_OPTIMIZATION_LEVEL = "-Onone";
				SWIFT_VERSION = 5.0;
				TARGETED_DEVICE_FAMILY = "1,2";
			};
			name = Debug;
		};
		7B82332DCAF35BA9C9D8F778 /* Debug */ = {
			isa = XCBuildConfiguration;
			buildSettings = {
				CODE_SIGN_IDENTITY = "";
				CURRENT_PROJECT_VERSION = 1;
				DEFINES_MODULE = YES;
				DYLIB_COMPATIBILITY_VERSION = 1;
				DYLIB_CURRENT_VERSION = 1;
				DYLIB_INSTALL_NAME_BASE = "@rpath";
				INFOPLIST_FILE = "Derived/InfoPlists/Manager-Info.plist";
				INSTALL_PATH = "$(LOCAL_LIBRARY_DIR)/Frameworks";
				IPHONEOS_DEPLOYMENT_TARGET = 14.0;
				LD_RUNPATH_SEARCH_PATHS = (
					"$(inherited)",
					"@executable_path/Frameworks",
					"@loader_path/Frameworks",
				);
				MACH_O_TYPE = staticlib;
				PRODUCT_BUNDLE_IDENTIFIER = co.boostcamp.Manager;
				PRODUCT_NAME = Manager;
				SDKROOT = iphoneos;
				SKIP_INSTALL = YES;
				SUPPORTS_MACCATALYST = NO;
				SWIFT_ACTIVE_COMPILATION_CONDITIONS = DEBUG;
				SWIFT_COMPILATION_MODE = singlefile;
				SWIFT_OPTIMIZATION_LEVEL = "-Onone";
				SWIFT_VERSION = 5.0;
				TARGETED_DEVICE_FAMILY = "1,2";
				VERSIONING_SYSTEM = "apple-generic";
				VERSION_INFO_PREFIX = "";
			};
			name = Debug;
		};
		CA6A4356FA5FF9E652981890 /* Release */ = {
			isa = XCBuildConfiguration;
			buildSettings = {
				CODE_SIGN_IDENTITY = "";
				CURRENT_PROJECT_VERSION = 1;
				DEFINES_MODULE = YES;
				DYLIB_COMPATIBILITY_VERSION = 1;
				DYLIB_CURRENT_VERSION = 1;
				DYLIB_INSTALL_NAME_BASE = "@rpath";
				INFOPLIST_FILE = "Derived/InfoPlists/Manager-Info.plist";
				INSTALL_PATH = "$(LOCAL_LIBRARY_DIR)/Frameworks";
				IPHONEOS_DEPLOYMENT_TARGET = 14.0;
				LD_RUNPATH_SEARCH_PATHS = (
					"$(inherited)",
					"@executable_path/Frameworks",
					"@loader_path/Frameworks",
				);
				MACH_O_TYPE = staticlib;
				PRODUCT_BUNDLE_IDENTIFIER = co.boostcamp.Manager;
				PRODUCT_NAME = Manager;
				SDKROOT = iphoneos;
				SKIP_INSTALL = YES;
				SUPPORTS_MACCATALYST = NO;
				SWIFT_COMPILATION_MODE = wholemodule;
				SWIFT_OPTIMIZATION_LEVEL = "-Owholemodule";
				SWIFT_VERSION = 5.0;
				TARGETED_DEVICE_FAMILY = "1,2";
				VERSIONING_SYSTEM = "apple-generic";
				VERSION_INFO_PREFIX = "";
			};
			name = Release;
		};
/* End XCBuildConfiguration section */

/* Begin XCConfigurationList section */
		738CFE615117962832DE0150 /* Build configuration list for PBXNativeTarget "Manager" */ = {
			isa = XCConfigurationList;
			buildConfigurations = (
				7B82332DCAF35BA9C9D8F778 /* Debug */,
				CA6A4356FA5FF9E652981890 /* Release */,
			);
			defaultConfigurationIsVisible = 0;
			defaultConfigurationName = Release;
		};
		AF0A19A3058CBB50C3A9D2E6 /* Build configuration list for PBXProject "Manager" */ = {
			isa = XCConfigurationList;
			buildConfigurations = (
				4CD200A6A4A1D80CC6D24A10 /* Debug */,
				57015AAB3CEE18E83B375F4B /* Release */,
			);
			defaultConfigurationIsVisible = 0;
			defaultConfigurationName = Release;
		};
		AF5596FBC49B7B27E448E1B6 /* Build configuration list for PBXNativeTarget "ManagerTests" */ = {
			isa = XCConfigurationList;
			buildConfigurations = (
				7641DB5AF8961B4454220577 /* Debug */,
				5547CD65A74D322F402DD5B9 /* Release */,
			);
			defaultConfigurationIsVisible = 0;
			defaultConfigurationName = Release;
		};
/* End XCConfigurationList section */
	};
	rootObject = A4712E36C669D75A6C291AA5 /* Project object */;
}
