// !$*UTF8*$!
{
	archiveVersion = 1;
	classes = {
	};
	objectVersion = 52;
	objects = {

/* Begin PBXBuildFile section */
		040328A3B584B0C7D6CECA38 /* TuistBundle+Acha.swift in Sources */ = {isa = PBXBuildFile; fileRef = 57612F38D53F8D6DB1722B29 /* TuistBundle+Acha.swift */; };
		04CBB2493F5397CF4566FEF1 /* UIColor+.swift in Sources */ = {isa = PBXBuildFile; fileRef = 7625EC9913D3A74ADF9F3E71 /* UIColor+.swift */; };
		056359BECBA3FB41B4216348 /* Errors.swift in Sources */ = {isa = PBXBuildFile; fileRef = 389CE38EA40E383606585DDC /* Errors.swift */; };
		1053F68A12637CB90D2CE78B /* InGameMenuCollectionViewCell.swift in Sources */ = {isa = PBXBuildFile; fileRef = 044B46CE5C06703ABA3BD68B /* InGameMenuCollectionViewCell.swift */; };
		10DFE29C53A9A25232FFE010 /* SelectMapViewController.swift in Sources */ = {isa = PBXBuildFile; fileRef = 7FFE4E8B2F2E4731E88AE716 /* SelectMapViewController.swift */; };
		11C95AF8903AD1C5D474F0DE /* HomeViewModel.swift in Sources */ = {isa = PBXBuildFile; fileRef = C85DFBD2761E52A778DFE33B /* HomeViewModel.swift */; };
		15F7DC96B9A4D413F16C6C2B /* RecordViewChartData.swift in Sources */ = {isa = PBXBuildFile; fileRef = 3AACE9D23D98337A372AE358 /* RecordViewChartData.swift */; };
		1B42CEECB8ACEAD2D61FD105 /* TabBarType.swift in Sources */ = {isa = PBXBuildFile; fileRef = EA434FD65412A7322A6C6427 /* TabBarType.swift */; };
		1D5476F540182D3A94A07CEB /* Assets.xcassets in Resources */ = {isa = PBXBuildFile; fileRef = 58713E2241F512FF7DDE5122 /* Assets.xcassets */; };
		1ED94405C9439ABC930C1F9A /* RecordChartCell.swift in Sources */ = {isa = PBXBuildFile; fileRef = BCAC4BEA89E7FAB75F1047DA /* RecordChartCell.swift */; };
		211F21D897A3C5EB4F711873 /* Date+Extension.swift in Sources */ = {isa = PBXBuildFile; fileRef = E2EA7FF5AB92AD593BDA7B38 /* Date+Extension.swift */; };
		25B98E5137BA5EF815F1EC94 /* SingleGameViewModel.swift in Sources */ = {isa = PBXBuildFile; fileRef = F58B89907175CD6F3A5647CE /* SingleGameViewModel.swift */; };
		294B606420803CA55A72F563 /* SingleGameViewController.swift in Sources */ = {isa = PBXBuildFile; fileRef = 6A1D695521C981937377AD17 /* SingleGameViewController.swift */; };
		2A1BEB99AA04AF2EBFB677E5 /* MapAnnotation.swift in Sources */ = {isa = PBXBuildFile; fileRef = D3E4389A0973DDF2F973E286 /* MapAnnotation.swift */; };
		2FD06D636DAE48F4C3067671 /* RecordCoordinator.swift in Sources */ = {isa = PBXBuildFile; fileRef = 7F34E2252ABA4A72DE665B51 /* RecordCoordinator.swift */; };
		33A0AFA0AE8EBEEE89F5B615 /* CommunityCoordinator.swift in Sources */ = {isa = PBXBuildFile; fileRef = 9D37F217C39C5195741955CB /* CommunityCoordinator.swift */; };
		39AECA26BE86D43449543461 /* LoginCoordinator.swift in Sources */ = {isa = PBXBuildFile; fileRef = 236C5BB991A7A69771F4E273 /* LoginCoordinator.swift */; };
		39F3313B2356D099559E14FE /* UIFont+.swift in Sources */ = {isa = PBXBuildFile; fileRef = D41635CE250028BDDCDC215D /* UIFont+.swift */; };
		3B0B4F46BC32281B2C517140 /* LoginViewController.swift in Sources */ = {isa = PBXBuildFile; fileRef = 96CDA6DFA5D27C3F3DDA3FDF /* LoginViewController.swift */; };
		3CDEED6F111AF1F19FA20CB5 /* SingleGameCoordinator.swift in Sources */ = {isa = PBXBuildFile; fileRef = B47960FF0B8BFABBCD25396C /* SingleGameCoordinator.swift */; };
		44487C99CC6EA388279642DE /* GamePlayMenuView.swift in Sources */ = {isa = PBXBuildFile; fileRef = A99F4D6CAE841AD5B575041A /* GamePlayMenuView.swift */; };
		485A91E641E6ABB6BD9F0B6B /* SignupViewController.swift in Sources */ = {isa = PBXBuildFile; fileRef = B91B457DFF55ECB8EA62697F /* SignupViewController.swift */; };
		49D5D325AB5F1628E54CABA3 /* TabBarCoordinator.swift in Sources */ = {isa = PBXBuildFile; fileRef = 4010B66DF2D014CDE20DEC70 /* TabBarCoordinator.swift */; };
		4B52DDBBE9B3471DFC5389B2 /* SystemImageNameSpace.swift in Sources */ = {isa = PBXBuildFile; fileRef = FD0F2AB2E6510DECDECF246E /* SystemImageNameSpace.swift */; };
		4B9334E6F007D8892BEF49C1 /* SelectMapViewModel.swift in Sources */ = {isa = PBXBuildFile; fileRef = B6799D20B9F789E07BC579FF /* SelectMapViewModel.swift */; };
		54143067E1DDAEE25C98B7B2 /* ImageConstants.swift in Sources */ = {isa = PBXBuildFile; fileRef = 14734133FF7F2957EBB12224 /* ImageConstants.swift */; };
		5AFFCFF382ABE420FEBEC37C /* InGameRecordViewController.swift in Sources */ = {isa = PBXBuildFile; fileRef = 53C8D8253C18195332DF7E1F /* InGameRecordViewController.swift */; };
		5D41F4161304F01D7A0ACEAC /* AppCoordinator.swift in Sources */ = {isa = PBXBuildFile; fileRef = 9DABE9C36FFEF1F0A0D65600 /* AppCoordinator.swift */; };
		656A7FBABCA12D7170C88E4F /* PaddingLabel.swift in Sources */ = {isa = PBXBuildFile; fileRef = BD23A6AD5A3A4CE4781379B6 /* PaddingLabel.swift */; };
		6E145A38A4E53F53555F8A65 /* RecordHeaderView.swift in Sources */ = {isa = PBXBuildFile; fileRef = 36BCE8A97A449F833D7C8FFE /* RecordHeaderView.swift */; };
		77C905457B75124FD8BDDB5C /* CLLocationCoordinate2D+.swift in Sources */ = {isa = PBXBuildFile; fileRef = E9EE0FF74102CCD26B8940F5 /* CLLocationCoordinate2D+.swift */; };
		78C45D254D84984E6066142B /* UIButton+.swift in Sources */ = {isa = PBXBuildFile; fileRef = F619730C2ADB6618199297E4 /* UIButton+.swift */; };
		7B43E7755EA865B909D9C433 /* AppDelegate.swift in Sources */ = {isa = PBXBuildFile; fileRef = DC4A21C4CA804053B954A054 /* AppDelegate.swift */; };
		82DB77F93057A025A3581643 /* HomeViewController.swift in Sources */ = {isa = PBXBuildFile; fileRef = 6C87B1ABA112553F5D5B0423 /* HomeViewController.swift */; };
		83E3CB8B8631FA6DE78579EA /* Int+Extension.swift in Sources */ = {isa = PBXBuildFile; fileRef = 24C3D414D61B076D7528FA38 /* Int+Extension.swift */; };
		8CB61BEE3428FFDEBA5C2331 /* Map.swift in Sources */ = {isa = PBXBuildFile; fileRef = 88E323BE49769AF3938C156B /* Map.swift */; };
		8D6D690CE21F6F91C39CCFED /* SignupCoordinator .swift in Sources */ = {isa = PBXBuildFile; fileRef = 700748EFB2B2DE41CEA8C863 /* SignupCoordinator .swift */; };
		907356E35C0CFBC3C1B278A2 /* MyPageCoordinator.swift in Sources */ = {isa = PBXBuildFile; fileRef = 434BE75A857357DD29BAAC2F /* MyPageCoordinator.swift */; };
		920986E3D749094D3FE111E6 /* RecordViewModel.swift in Sources */ = {isa = PBXBuildFile; fileRef = 2483BBC705A95669A711C786 /* RecordViewModel.swift */; };
		9C6A23C85F647F4017896447 /* LaunchScreen.storyboard in Resources */ = {isa = PBXBuildFile; fileRef = 6245432876743FA36A3E0723 /* LaunchScreen.storyboard */; };
		9C8E60EE78050948ABB0CFE1 /* RecordViewController.swift in Sources */ = {isa = PBXBuildFile; fileRef = CA74398B960CF62CE1F9CC88 /* RecordViewController.swift */; };
		A25FFC8DAB77B7412E38F9D0 /* SceneDelegate.swift in Sources */ = {isa = PBXBuildFile; fileRef = 31940D8B78F7B47C4763650B /* SceneDelegate.swift */; };
		A3E925704F20CB7B95E5AA52 /* ThirdPartyLib.framework in Frameworks */ = {isa = PBXBuildFile; fileRef = B956E6E9373AC6FEA4C07568 /* ThirdPartyLib.framework */; platformFilter = ios; };
		A760A8EAFE7C2AB1A9294539 /* RecordViewHeaderRecord.swift in Sources */ = {isa = PBXBuildFile; fileRef = 62444710F40D40917A30AD2A /* RecordViewHeaderRecord.swift */; };
		AA4108847D3A211213527028 /* HomeCoordinator.swift in Sources */ = {isa = PBXBuildFile; fileRef = E022465894A836A2FF80F1A1 /* HomeCoordinator.swift */; };
		AB6C8D02BADF54D0933DE599 /* RecordViewRecord.swift in Sources */ = {isa = PBXBuildFile; fileRef = C9785D017C5A5C127E12B099 /* RecordViewRecord.swift */; };
		ABB5F08912A8B0354338F2AB /* ThirdPartyLib.framework in Embed Frameworks */ = {isa = PBXBuildFile; fileRef = B956E6E9373AC6FEA4C07568 /* ThirdPartyLib.framework */; platformFilter = ios; settings = {ATTRIBUTES = (CodeSignOnCopy, RemoveHeadersOnCopy, ); }; };
		C2041AD555F74765F3F18618 /* InGameMenuModelProtocol.swift in Sources */ = {isa = PBXBuildFile; fileRef = 4D47463289EC35A0D7CC58B8 /* InGameMenuModelProtocol.swift */; };
		C5FC9184A2756E7BAD04B456 /* MapBaseViewController.swift in Sources */ = {isa = PBXBuildFile; fileRef = 9EEBA47E6B1211F093F57CBF /* MapBaseViewController.swift */; };
		C6E51FE75ECE1C60B3AC7020 /* InGamePlayMenuViewController.swift in Sources */ = {isa = PBXBuildFile; fileRef = 24347A802A7E6A031E3EB3F9 /* InGamePlayMenuViewController.swift */; };
		C70056C31FF20977BC0DD1B5 /* Double+.swift in Sources */ = {isa = PBXBuildFile; fileRef = 8B989566AF3F60D613D8ECF6 /* Double+.swift */; };
		D3DD1B23A7785B831F5F6C7B /* DistanceAndTimeBar.swift in Sources */ = {isa = PBXBuildFile; fileRef = D9D8C3B8397D2C842975921F /* DistanceAndTimeBar.swift */; };
		D5D626611220F69E2F1F4905 /* SelectMapRecordCell.swift in Sources */ = {isa = PBXBuildFile; fileRef = C4AAC0B308A054E51668A99C /* SelectMapRecordCell.swift */; };
		D6C1804014958DD48D8D2148 /* InGameRankingViewController.swift in Sources */ = {isa = PBXBuildFile; fileRef = F26D0E2F48A56FF3DE788CB7 /* InGameRankingViewController.swift */; };
		DA8C0811B45BC2F34BFCD754 /* RecordViewDayTotalRecord.swift in Sources */ = {isa = PBXBuildFile; fileRef = 793EE0CD6D69EC7AE2B037D2 /* RecordViewDayTotalRecord.swift */; };
		DB8C5E1E10DD7D7EF265A364 /* TuistAssets+Acha.swift in Sources */ = {isa = PBXBuildFile; fileRef = D0677A92AE9FF3687DBF63F1 /* TuistAssets+Acha.swift */; };
		DE90047DFEEDAEC534BFC6F2 /* CommunityViewController.swift in Sources */ = {isa = PBXBuildFile; fileRef = 442FC01A12B75C0C6CBE722C /* CommunityViewController.swift */; };
		DF1F33383981F5B30285BA8E /* AuthCoordinator.swift in Sources */ = {isa = PBXBuildFile; fileRef = 1BCA14B9E18149C5424A3363 /* AuthCoordinator.swift */; };
		E857D5E0CD260BFDB4088B05 /* Manager.framework in Frameworks */ = {isa = PBXBuildFile; fileRef = B29717CFE856D318811A3141 /* Manager.framework */; platformFilter = ios; };
		E883AD834960AB418786A08B /* RecordCell.swift in Sources */ = {isa = PBXBuildFile; fileRef = D26246FBA136A09C6CF1AB8B /* RecordCell.swift */; };
		EC251B06C60B395A9CBB1EC0 /* CALayer+Extension.swift in Sources */ = {isa = PBXBuildFile; fileRef = 9E81C7890896D58A9D0BAA3E /* CALayer+Extension.swift */; };
		EC34AD07F3101E2705E5A322 /* GameOverViewController.swift in Sources */ = {isa = PBXBuildFile; fileRef = D35CE4A083B1BD1BFC4674C3 /* GameOverViewController.swift */; };
		FB68878334C72BDBA3F6BF54 /* BaseViewModel.swift in Sources */ = {isa = PBXBuildFile; fileRef = 97B566222E7E2A97FBE5210D /* BaseViewModel.swift */; };
		FBDD26E4230A080FDA1743C9 /* Coordinator.swift in Sources */ = {isa = PBXBuildFile; fileRef = 9FFFF2CA276D8F5A1D025473 /* Coordinator.swift */; };
		FEB8C87FEFA9366ACD637EF7 /* MyPageViewController.swift in Sources */ = {isa = PBXBuildFile; fileRef = D1186CA97E282E28831D7032 /* MyPageViewController.swift */; };
/* End PBXBuildFile section */

/* Begin PBXContainerItemProxy section */
		EE7DF1E622A3787C74CC1BC2 /* PBXContainerItemProxy */ = {
			isa = PBXContainerItemProxy;
			containerPortal = 372FC89AB9B1B9476AF94C94 /* Project object */;
			proxyType = 1;
			remoteGlobalIDString = 63F8526BA97AD12E80A3CD99;
			remoteInfo = Acha;
		};
/* End PBXContainerItemProxy section */

/* Begin PBXCopyFilesBuildPhase section */
		686646C2DBF1C8B595EE09AE /* Embed Frameworks */ = {
			isa = PBXCopyFilesBuildPhase;
			buildActionMask = 2147483647;
			dstPath = "";
			dstSubfolderSpec = 10;
			files = (
			);
			name = "Embed Frameworks";
			runOnlyForDeploymentPostprocessing = 0;
		};
		F8F9AEA7DED45F01FC236278 /* Embed Frameworks */ = {
			isa = PBXCopyFilesBuildPhase;
			buildActionMask = 2147483647;
			dstPath = "";
			dstSubfolderSpec = 10;
			files = (
				ABB5F08912A8B0354338F2AB /* ThirdPartyLib.framework in Embed Frameworks */,
			);
			name = "Embed Frameworks";
			runOnlyForDeploymentPostprocessing = 0;
		};
/* End PBXCopyFilesBuildPhase section */

/* Begin PBXFileReference section */
		044B46CE5C06703ABA3BD68B /* InGameMenuCollectionViewCell.swift */ = {isa = PBXFileReference; lastKnownFileType = sourcecode.swift; path = InGameMenuCollectionViewCell.swift; sourceTree = "<group>"; };
		14734133FF7F2957EBB12224 /* ImageConstants.swift */ = {isa = PBXFileReference; lastKnownFileType = sourcecode.swift; path = ImageConstants.swift; sourceTree = "<group>"; };
		1BCA14B9E18149C5424A3363 /* AuthCoordinator.swift */ = {isa = PBXFileReference; lastKnownFileType = sourcecode.swift; path = AuthCoordinator.swift; sourceTree = "<group>"; };
		236C5BB991A7A69771F4E273 /* LoginCoordinator.swift */ = {isa = PBXFileReference; lastKnownFileType = sourcecode.swift; path = LoginCoordinator.swift; sourceTree = "<group>"; };
		24347A802A7E6A031E3EB3F9 /* InGamePlayMenuViewController.swift */ = {isa = PBXFileReference; lastKnownFileType = sourcecode.swift; path = InGamePlayMenuViewController.swift; sourceTree = "<group>"; };
		2483BBC705A95669A711C786 /* RecordViewModel.swift */ = {isa = PBXFileReference; lastKnownFileType = sourcecode.swift; path = RecordViewModel.swift; sourceTree = "<group>"; };
		24C3D414D61B076D7528FA38 /* Int+Extension.swift */ = {isa = PBXFileReference; lastKnownFileType = sourcecode.swift; path = "Int+Extension.swift"; sourceTree = "<group>"; };
		31940D8B78F7B47C4763650B /* SceneDelegate.swift */ = {isa = PBXFileReference; lastKnownFileType = sourcecode.swift; path = SceneDelegate.swift; sourceTree = "<group>"; };
		36BCE8A97A449F833D7C8FFE /* RecordHeaderView.swift */ = {isa = PBXFileReference; lastKnownFileType = sourcecode.swift; path = RecordHeaderView.swift; sourceTree = "<group>"; };
		389CE38EA40E383606585DDC /* Errors.swift */ = {isa = PBXFileReference; lastKnownFileType = sourcecode.swift; path = Errors.swift; sourceTree = "<group>"; };
		3AACE9D23D98337A372AE358 /* RecordViewChartData.swift */ = {isa = PBXFileReference; lastKnownFileType = sourcecode.swift; path = RecordViewChartData.swift; sourceTree = "<group>"; };
		4010B66DF2D014CDE20DEC70 /* TabBarCoordinator.swift */ = {isa = PBXFileReference; lastKnownFileType = sourcecode.swift; path = TabBarCoordinator.swift; sourceTree = "<group>"; };
		434BE75A857357DD29BAAC2F /* MyPageCoordinator.swift */ = {isa = PBXFileReference; lastKnownFileType = sourcecode.swift; path = MyPageCoordinator.swift; sourceTree = "<group>"; };
		442FC01A12B75C0C6CBE722C /* CommunityViewController.swift */ = {isa = PBXFileReference; lastKnownFileType = sourcecode.swift; path = CommunityViewController.swift; sourceTree = "<group>"; };
		4D47463289EC35A0D7CC58B8 /* InGameMenuModelProtocol.swift */ = {isa = PBXFileReference; lastKnownFileType = sourcecode.swift; path = InGameMenuModelProtocol.swift; sourceTree = "<group>"; };
		53C8D8253C18195332DF7E1F /* InGameRecordViewController.swift */ = {isa = PBXFileReference; lastKnownFileType = sourcecode.swift; path = InGameRecordViewController.swift; sourceTree = "<group>"; };
		57612F38D53F8D6DB1722B29 /* TuistBundle+Acha.swift */ = {isa = PBXFileReference; lastKnownFileType = sourcecode.swift; path = "TuistBundle+Acha.swift"; sourceTree = "<group>"; };
		58713E2241F512FF7DDE5122 /* Assets.xcassets */ = {isa = PBXFileReference; lastKnownFileType = folder.assetcatalog; path = Assets.xcassets; sourceTree = "<group>"; };
		5D154A6AD249FF2658C9E7E7 /* AchaTests-Info.plist */ = {isa = PBXFileReference; lastKnownFileType = text.plist; path = "AchaTests-Info.plist"; sourceTree = "<group>"; };
		62444710F40D40917A30AD2A /* RecordViewHeaderRecord.swift */ = {isa = PBXFileReference; lastKnownFileType = sourcecode.swift; path = RecordViewHeaderRecord.swift; sourceTree = "<group>"; };
		6245432876743FA36A3E0723 /* LaunchScreen.storyboard */ = {isa = PBXFileReference; lastKnownFileType = file.storyboard; path = LaunchScreen.storyboard; sourceTree = "<group>"; };
		6A1D695521C981937377AD17 /* SingleGameViewController.swift */ = {isa = PBXFileReference; lastKnownFileType = sourcecode.swift; path = SingleGameViewController.swift; sourceTree = "<group>"; };
		6C87B1ABA112553F5D5B0423 /* HomeViewController.swift */ = {isa = PBXFileReference; lastKnownFileType = sourcecode.swift; path = HomeViewController.swift; sourceTree = "<group>"; };
		700748EFB2B2DE41CEA8C863 /* SignupCoordinator .swift */ = {isa = PBXFileReference; lastKnownFileType = sourcecode.swift; path = "SignupCoordinator .swift"; sourceTree = "<group>"; };
		7625EC9913D3A74ADF9F3E71 /* UIColor+.swift */ = {isa = PBXFileReference; lastKnownFileType = sourcecode.swift; path = "UIColor+.swift"; sourceTree = "<group>"; };
		793EE0CD6D69EC7AE2B037D2 /* RecordViewDayTotalRecord.swift */ = {isa = PBXFileReference; lastKnownFileType = sourcecode.swift; path = RecordViewDayTotalRecord.swift; sourceTree = "<group>"; };
		7F34E2252ABA4A72DE665B51 /* RecordCoordinator.swift */ = {isa = PBXFileReference; lastKnownFileType = sourcecode.swift; path = RecordCoordinator.swift; sourceTree = "<group>"; };
		7FFE4E8B2F2E4731E88AE716 /* SelectMapViewController.swift */ = {isa = PBXFileReference; lastKnownFileType = sourcecode.swift; path = SelectMapViewController.swift; sourceTree = "<group>"; };
		88E323BE49769AF3938C156B /* Map.swift */ = {isa = PBXFileReference; lastKnownFileType = sourcecode.swift; path = Map.swift; sourceTree = "<group>"; };
		8B989566AF3F60D613D8ECF6 /* Double+.swift */ = {isa = PBXFileReference; lastKnownFileType = sourcecode.swift; path = "Double+.swift"; sourceTree = "<group>"; };
		96CDA6DFA5D27C3F3DDA3FDF /* LoginViewController.swift */ = {isa = PBXFileReference; lastKnownFileType = sourcecode.swift; path = LoginViewController.swift; sourceTree = "<group>"; };
		97B566222E7E2A97FBE5210D /* BaseViewModel.swift */ = {isa = PBXFileReference; lastKnownFileType = sourcecode.swift; path = BaseViewModel.swift; sourceTree = "<group>"; };
		9D37F217C39C5195741955CB /* CommunityCoordinator.swift */ = {isa = PBXFileReference; lastKnownFileType = sourcecode.swift; path = CommunityCoordinator.swift; sourceTree = "<group>"; };
		9DABE9C36FFEF1F0A0D65600 /* AppCoordinator.swift */ = {isa = PBXFileReference; lastKnownFileType = sourcecode.swift; path = AppCoordinator.swift; sourceTree = "<group>"; };
		9E81C7890896D58A9D0BAA3E /* CALayer+Extension.swift */ = {isa = PBXFileReference; lastKnownFileType = sourcecode.swift; path = "CALayer+Extension.swift"; sourceTree = "<group>"; };
		9EEBA47E6B1211F093F57CBF /* MapBaseViewController.swift */ = {isa = PBXFileReference; lastKnownFileType = sourcecode.swift; path = MapBaseViewController.swift; sourceTree = "<group>"; };
		9FFFF2CA276D8F5A1D025473 /* Coordinator.swift */ = {isa = PBXFileReference; lastKnownFileType = sourcecode.swift; path = Coordinator.swift; sourceTree = "<group>"; };
		A43AF186382C2DB2625D4225 /* Info.plist */ = {isa = PBXFileReference; lastKnownFileType = text.plist; path = Info.plist; sourceTree = "<group>"; };
		A99F4D6CAE841AD5B575041A /* GamePlayMenuView.swift */ = {isa = PBXFileReference; lastKnownFileType = sourcecode.swift; path = GamePlayMenuView.swift; sourceTree = "<group>"; };
		B06EAF464F44CE79ACAF2A7B /* AchaTests.xctest */ = {isa = PBXFileReference; explicitFileType = wrapper.cfbundle; includeInIndex = 0; path = AchaTests.xctest; sourceTree = BUILT_PRODUCTS_DIR; };
		B29717CFE856D318811A3141 /* Manager.framework */ = {isa = PBXFileReference; explicitFileType = wrapper.framework; includeInIndex = 0; path = Manager.framework; sourceTree = BUILT_PRODUCTS_DIR; };
		B47960FF0B8BFABBCD25396C /* SingleGameCoordinator.swift */ = {isa = PBXFileReference; lastKnownFileType = sourcecode.swift; path = SingleGameCoordinator.swift; sourceTree = "<group>"; };
		B6799D20B9F789E07BC579FF /* SelectMapViewModel.swift */ = {isa = PBXFileReference; lastKnownFileType = sourcecode.swift; path = SelectMapViewModel.swift; sourceTree = "<group>"; };
		B91B457DFF55ECB8EA62697F /* SignupViewController.swift */ = {isa = PBXFileReference; lastKnownFileType = sourcecode.swift; path = SignupViewController.swift; sourceTree = "<group>"; };
		B956E6E9373AC6FEA4C07568 /* ThirdPartyLib.framework */ = {isa = PBXFileReference; explicitFileType = wrapper.framework; includeInIndex = 0; path = ThirdPartyLib.framework; sourceTree = BUILT_PRODUCTS_DIR; };
		BAC4012EF1E490733A69C73E /* Acha.app */ = {isa = PBXFileReference; explicitFileType = wrapper.application; includeInIndex = 0; path = Acha.app; sourceTree = BUILT_PRODUCTS_DIR; };
		BCAC4BEA89E7FAB75F1047DA /* RecordChartCell.swift */ = {isa = PBXFileReference; lastKnownFileType = sourcecode.swift; path = RecordChartCell.swift; sourceTree = "<group>"; };
		BD23A6AD5A3A4CE4781379B6 /* PaddingLabel.swift */ = {isa = PBXFileReference; lastKnownFileType = sourcecode.swift; path = PaddingLabel.swift; sourceTree = "<group>"; };
		C4AAC0B308A054E51668A99C /* SelectMapRecordCell.swift */ = {isa = PBXFileReference; lastKnownFileType = sourcecode.swift; path = SelectMapRecordCell.swift; sourceTree = "<group>"; };
		C85DFBD2761E52A778DFE33B /* HomeViewModel.swift */ = {isa = PBXFileReference; lastKnownFileType = sourcecode.swift; path = HomeViewModel.swift; sourceTree = "<group>"; };
		C9785D017C5A5C127E12B099 /* RecordViewRecord.swift */ = {isa = PBXFileReference; lastKnownFileType = sourcecode.swift; path = RecordViewRecord.swift; sourceTree = "<group>"; };
		CA74398B960CF62CE1F9CC88 /* RecordViewController.swift */ = {isa = PBXFileReference; lastKnownFileType = sourcecode.swift; path = RecordViewController.swift; sourceTree = "<group>"; };
		D0677A92AE9FF3687DBF63F1 /* TuistAssets+Acha.swift */ = {isa = PBXFileReference; lastKnownFileType = sourcecode.swift; path = "TuistAssets+Acha.swift"; sourceTree = "<group>"; };
		D1186CA97E282E28831D7032 /* MyPageViewController.swift */ = {isa = PBXFileReference; lastKnownFileType = sourcecode.swift; path = MyPageViewController.swift; sourceTree = "<group>"; };
		D26246FBA136A09C6CF1AB8B /* RecordCell.swift */ = {isa = PBXFileReference; lastKnownFileType = sourcecode.swift; path = RecordCell.swift; sourceTree = "<group>"; };
		D35CE4A083B1BD1BFC4674C3 /* GameOverViewController.swift */ = {isa = PBXFileReference; lastKnownFileType = sourcecode.swift; path = GameOverViewController.swift; sourceTree = "<group>"; };
		D3E4389A0973DDF2F973E286 /* MapAnnotation.swift */ = {isa = PBXFileReference; lastKnownFileType = sourcecode.swift; path = MapAnnotation.swift; sourceTree = "<group>"; };
		D41635CE250028BDDCDC215D /* UIFont+.swift */ = {isa = PBXFileReference; lastKnownFileType = sourcecode.swift; path = "UIFont+.swift"; sourceTree = "<group>"; };
		D9D8C3B8397D2C842975921F /* DistanceAndTimeBar.swift */ = {isa = PBXFileReference; lastKnownFileType = sourcecode.swift; path = DistanceAndTimeBar.swift; sourceTree = "<group>"; };
		DC4A21C4CA804053B954A054 /* AppDelegate.swift */ = {isa = PBXFileReference; lastKnownFileType = sourcecode.swift; path = AppDelegate.swift; sourceTree = "<group>"; };
		E022465894A836A2FF80F1A1 /* HomeCoordinator.swift */ = {isa = PBXFileReference; lastKnownFileType = sourcecode.swift; path = HomeCoordinator.swift; sourceTree = "<group>"; };
		E2EA7FF5AB92AD593BDA7B38 /* Date+Extension.swift */ = {isa = PBXFileReference; lastKnownFileType = sourcecode.swift; path = "Date+Extension.swift"; sourceTree = "<group>"; };
		E9EE0FF74102CCD26B8940F5 /* CLLocationCoordinate2D+.swift */ = {isa = PBXFileReference; lastKnownFileType = sourcecode.swift; path = "CLLocationCoordinate2D+.swift"; sourceTree = "<group>"; };
		EA434FD65412A7322A6C6427 /* TabBarType.swift */ = {isa = PBXFileReference; lastKnownFileType = sourcecode.swift; path = TabBarType.swift; sourceTree = "<group>"; };
		F26D0E2F48A56FF3DE788CB7 /* InGameRankingViewController.swift */ = {isa = PBXFileReference; lastKnownFileType = sourcecode.swift; path = InGameRankingViewController.swift; sourceTree = "<group>"; };
		F58B89907175CD6F3A5647CE /* SingleGameViewModel.swift */ = {isa = PBXFileReference; lastKnownFileType = sourcecode.swift; path = SingleGameViewModel.swift; sourceTree = "<group>"; };
		F619730C2ADB6618199297E4 /* UIButton+.swift */ = {isa = PBXFileReference; lastKnownFileType = sourcecode.swift; path = "UIButton+.swift"; sourceTree = "<group>"; };
		FD0F2AB2E6510DECDECF246E /* SystemImageNameSpace.swift */ = {isa = PBXFileReference; lastKnownFileType = sourcecode.swift; path = SystemImageNameSpace.swift; sourceTree = "<group>"; };
/* End PBXFileReference section */

/* Begin PBXFrameworksBuildPhase section */
		589FE823E2DD76EC5C752DD7 /* Frameworks */ = {
			isa = PBXFrameworksBuildPhase;
			buildActionMask = 2147483647;
			files = (
				E857D5E0CD260BFDB4088B05 /* Manager.framework in Frameworks */,
				A3E925704F20CB7B95E5AA52 /* ThirdPartyLib.framework in Frameworks */,
			);
			runOnlyForDeploymentPostprocessing = 0;
		};
		7944C0DCAE83A16EBCF300F9 /* Frameworks */ = {
			isa = PBXFrameworksBuildPhase;
			buildActionMask = 2147483647;
			files = (
			);
			runOnlyForDeploymentPostprocessing = 0;
		};
/* End PBXFrameworksBuildPhase section */

/* Begin PBXGroup section */
		0462A09CF604C9BC84A0852B /* Coordinator */ = {
			isa = PBXGroup;
			children = (
				9DABE9C36FFEF1F0A0D65600 /* AppCoordinator.swift */,
				9FFFF2CA276D8F5A1D025473 /* Coordinator.swift */,
			);
			path = Coordinator;
			sourceTree = "<group>";
		};
		0826B792D01548F81F6D0D93 /* InGameMenusCell */ = {
			isa = PBXGroup;
			children = (
				044B46CE5C06703ABA3BD68B /* InGameMenuCollectionViewCell.swift */,
			);
			path = InGameMenusCell;
			sourceTree = "<group>";
		};
		0A8F126202FAE9E098CE0200 /* TabBar */ = {
			isa = PBXGroup;
			children = (
				C0B34CC11EF7A14DC8140E6D /* Community */,
				D1C342025FEEF0B29041959D /* Coordinator */,
				BA36902FE0C3EC55F52F6A1E /* Home */,
				7F9BF6909E6AD4F59837376E /* MyPage */,
				446BC9228BD6A5EA0B4E5055 /* Record */,
			);
			path = TabBar;
			sourceTree = "<group>";
		};
		0C41A62BFAD83ADE614F9A8F /* Login */ = {
			isa = PBXGroup;
			children = (
				96CDA6DFA5D27C3F3DDA3FDF /* LoginViewController.swift */,
			);
			path = Login;
			sourceTree = "<group>";
		};
		127C01E1C72E1FB993F9F7D0 /* Frameworks */ = {
			isa = PBXGroup;
			children = (
			);
			name = Frameworks;
			sourceTree = "<group>";
		};
		12E10E5437EE85AEA7643314 /* Products */ = {
			isa = PBXGroup;
			children = (
				BAC4012EF1E490733A69C73E /* Acha.app */,
				B06EAF464F44CE79ACAF2A7B /* AchaTests.xctest */,
				B29717CFE856D318811A3141 /* Manager.framework */,
				B956E6E9373AC6FEA4C07568 /* ThirdPartyLib.framework */,
			);
			name = Products;
			sourceTree = "<group>";
		};
		15445C18D8F468F98E7A5E3B /* InGameMenusParentViewController */ = {
			isa = PBXGroup;
			children = (
				24347A802A7E6A031E3EB3F9 /* InGamePlayMenuViewController.swift */,
			);
			path = InGameMenusParentViewController;
			sourceTree = "<group>";
		};
		2409A6B1B1BE854D500FDC78 = {
			isa = PBXGroup;
			children = (
				345C87479183A4C04DAE6D2A /* Project */,
				127C01E1C72E1FB993F9F7D0 /* Frameworks */,
				12E10E5437EE85AEA7643314 /* Products */,
			);
			sourceTree = "<group>";
		};
		345C87479183A4C04DAE6D2A /* Project */ = {
			isa = PBXGroup;
			children = (
				7AE8707D0D9D1412DDC67206 /* Derived */,
				BB3935477BB8C6232775BC63 /* Resources */,
				B28802B41DD581B572E0B20C /* Sources */,
				BF2F4180320F1E3590D7AFC4 /* Support */,
			);
			name = Project;
			sourceTree = "<group>";
		};
		3668279C8A30F3DC4EC95052 /* Sources */ = {
			isa = PBXGroup;
			children = (
				D0677A92AE9FF3687DBF63F1 /* TuistAssets+Acha.swift */,
				57612F38D53F8D6DB1722B29 /* TuistBundle+Acha.swift */,
			);
			path = Sources;
			sourceTree = "<group>";
		};
		3F03031BB482D17C9BC66923 /* Enums */ = {
			isa = PBXGroup;
			children = (
				389CE38EA40E383606585DDC /* Errors.swift */,
				FD0F2AB2E6510DECDECF246E /* SystemImageNameSpace.swift */,
				EA434FD65412A7322A6C6427 /* TabBarType.swift */,
			);
			path = Enums;
			sourceTree = "<group>";
		};
		446BC9228BD6A5EA0B4E5055 /* Record */ = {
			isa = PBXGroup;
			children = (
				D26246FBA136A09C6CF1AB8B /* RecordCell.swift */,
				BCAC4BEA89E7FAB75F1047DA /* RecordChartCell.swift */,
				36BCE8A97A449F833D7C8FFE /* RecordHeaderView.swift */,
				CA74398B960CF62CE1F9CC88 /* RecordViewController.swift */,
				2483BBC705A95669A711C786 /* RecordViewModel.swift */,
			);
			path = Record;
			sourceTree = "<group>";
		};
		449A7F6EDD1D608732C1E59D /* InGameMenus */ = {
			isa = PBXGroup;
			children = (
				0826B792D01548F81F6D0D93 /* InGameMenusCell */,
				15445C18D8F468F98E7A5E3B /* InGameMenusParentViewController */,
				BC398DA9F80CAFB8B1364D5C /* InGameRanking */,
				8AC3127215716CB0956E5561 /* InGameRecord */,
				45BCE85E3466672136E497BF /* Protocol */,
			);
			path = InGameMenus;
			sourceTree = "<group>";
		};
		45BCE85E3466672136E497BF /* Protocol */ = {
			isa = PBXGroup;
			children = (
				4D47463289EC35A0D7CC58B8 /* InGameMenuModelProtocol.swift */,
			);
			path = Protocol;
			sourceTree = "<group>";
		};
		4BE3F0432FF830E8AF1EA79B /* Map */ = {
			isa = PBXGroup;
			children = (
				D3E4389A0973DDF2F973E286 /* MapAnnotation.swift */,
			);
			path = Map;
			sourceTree = "<group>";
		};
		52B0FA3390CA13B5B8F0BFF0 /* Entity */ = {
			isa = PBXGroup;
			children = (
				88E323BE49769AF3938C156B /* Map.swift */,
				3AACE9D23D98337A372AE358 /* RecordViewChartData.swift */,
				793EE0CD6D69EC7AE2B037D2 /* RecordViewDayTotalRecord.swift */,
				62444710F40D40917A30AD2A /* RecordViewHeaderRecord.swift */,
				C9785D017C5A5C127E12B099 /* RecordViewRecord.swift */,
			);
			path = Entity;
			sourceTree = "<group>";
		};
		5477053EE93189F9D55913ED /* Presentation */ = {
			isa = PBXGroup;
			children = (
				FC72DADC1FA039FBD72D008C /* Auth */,
				D1CC1DB5DD28EC872E8CA40D /* Base */,
				0A8F126202FAE9E098CE0200 /* TabBar */,
			);
			path = Presentation;
			sourceTree = "<group>";
		};
		5690D51F779E7A545D51512A /* Constants */ = {
			isa = PBXGroup;
			children = (
				14734133FF7F2957EBB12224 /* ImageConstants.swift */,
			);
			path = Constants;
			sourceTree = "<group>";
		};
		5C53E0DCFE4AA0DD18522755 /* Extension */ = {
			isa = PBXGroup;
			children = (
				9E81C7890896D58A9D0BAA3E /* CALayer+Extension.swift */,
				E9EE0FF74102CCD26B8940F5 /* CLLocationCoordinate2D+.swift */,
				E2EA7FF5AB92AD593BDA7B38 /* Date+Extension.swift */,
				8B989566AF3F60D613D8ECF6 /* Double+.swift */,
				24C3D414D61B076D7528FA38 /* Int+Extension.swift */,
				F619730C2ADB6618199297E4 /* UIButton+.swift */,
				7625EC9913D3A74ADF9F3E71 /* UIColor+.swift */,
				D41635CE250028BDDCDC215D /* UIFont+.swift */,
			);
			path = Extension;
			sourceTree = "<group>";
		};
		7211A16F66B7D0C9A069F1DB /* RecordAndsTimeBar */ = {
			isa = PBXGroup;
			children = (
				D9D8C3B8397D2C842975921F /* DistanceAndTimeBar.swift */,
				BD23A6AD5A3A4CE4781379B6 /* PaddingLabel.swift */,
			);
			path = RecordAndsTimeBar;
			sourceTree = "<group>";
		};
		7AE8707D0D9D1412DDC67206 /* Derived */ = {
			isa = PBXGroup;
			children = (
				B59990F54D176627EE336C20 /* InfoPlists */,
				3668279C8A30F3DC4EC95052 /* Sources */,
			);
			path = Derived;
			sourceTree = "<group>";
		};
		7C54FEBAC76C7502F6C5CA12 /* SelectMap */ = {
			isa = PBXGroup;
			children = (
				C4AAC0B308A054E51668A99C /* SelectMapRecordCell.swift */,
				7FFE4E8B2F2E4731E88AE716 /* SelectMapViewController.swift */,
				B6799D20B9F789E07BC579FF /* SelectMapViewModel.swift */,
			);
			path = SelectMap;
			sourceTree = "<group>";
		};
		7F9BF6909E6AD4F59837376E /* MyPage */ = {
			isa = PBXGroup;
			children = (
				D1186CA97E282E28831D7032 /* MyPageViewController.swift */,
			);
			path = MyPage;
			sourceTree = "<group>";
		};
		85EDC8891F5FE325E0FA556F /* Domain */ = {
			isa = PBXGroup;
			children = (
				52B0FA3390CA13B5B8F0BFF0 /* Entity */,
			);
			path = Domain;
			sourceTree = "<group>";
		};
		8837CE8423F1B3DEB664D2CC /* Coordinator */ = {
			isa = PBXGroup;
			children = (
				1BCA14B9E18149C5424A3363 /* AuthCoordinator.swift */,
				236C5BB991A7A69771F4E273 /* LoginCoordinator.swift */,
				700748EFB2B2DE41CEA8C863 /* SignupCoordinator .swift */,
			);
			path = Coordinator;
			sourceTree = "<group>";
		};
		8A45C94FF37B3E5E0E1ED4CB /* Application */ = {
			isa = PBXGroup;
			children = (
				DC4A21C4CA804053B954A054 /* AppDelegate.swift */,
				31940D8B78F7B47C4763650B /* SceneDelegate.swift */,
			);
			path = Application;
			sourceTree = "<group>";
		};
		8AC3127215716CB0956E5561 /* InGameRecord */ = {
			isa = PBXGroup;
			children = (
				53C8D8253C18195332DF7E1F /* InGameRecordViewController.swift */,
			);
			path = InGameRecord;
			sourceTree = "<group>";
		};
		A835D42F579079F08BE0AB9E /* Util */ = {
			isa = PBXGroup;
			children = (
				5690D51F779E7A545D51512A /* Constants */,
				3F03031BB482D17C9BC66923 /* Enums */,
				5C53E0DCFE4AA0DD18522755 /* Extension */,
				4BE3F0432FF830E8AF1EA79B /* Map */,
			);
			path = Util;
			sourceTree = "<group>";
		};
		B28802B41DD581B572E0B20C /* Sources */ = {
			isa = PBXGroup;
			children = (
				C73E0C7678B48E305092B480 /* App */,
				8A45C94FF37B3E5E0E1ED4CB /* Application */,
				85EDC8891F5FE325E0FA556F /* Domain */,
				5477053EE93189F9D55913ED /* Presentation */,
				A835D42F579079F08BE0AB9E /* Util */,
			);
			path = Sources;
			sourceTree = "<group>";
		};
		B59990F54D176627EE336C20 /* InfoPlists */ = {
			isa = PBXGroup;
			children = (
				5D154A6AD249FF2658C9E7E7 /* AchaTests-Info.plist */,
			);
			path = InfoPlists;
			sourceTree = "<group>";
		};
		BA36902FE0C3EC55F52F6A1E /* Home */ = {
			isa = PBXGroup;
			children = (
				449A7F6EDD1D608732C1E59D /* InGameMenus */,
				7211A16F66B7D0C9A069F1DB /* RecordAndsTimeBar */,
				7C54FEBAC76C7502F6C5CA12 /* SelectMap */,
				EF8C716656F19B6EA8D1041E /* SingleGame */,
				D35CE4A083B1BD1BFC4674C3 /* GameOverViewController.swift */,
				A99F4D6CAE841AD5B575041A /* GamePlayMenuView.swift */,
				6C87B1ABA112553F5D5B0423 /* HomeViewController.swift */,
				C85DFBD2761E52A778DFE33B /* HomeViewModel.swift */,
			);
			path = Home;
			sourceTree = "<group>";
		};
		BB3935477BB8C6232775BC63 /* Resources */ = {
			isa = PBXGroup;
			children = (
				58713E2241F512FF7DDE5122 /* Assets.xcassets */,
				6245432876743FA36A3E0723 /* LaunchScreen.storyboard */,
			);
			path = Resources;
			sourceTree = "<group>";
		};
		BC398DA9F80CAFB8B1364D5C /* InGameRanking */ = {
			isa = PBXGroup;
			children = (
				F26D0E2F48A56FF3DE788CB7 /* InGameRankingViewController.swift */,
			);
			path = InGameRanking;
			sourceTree = "<group>";
		};
		BF2F4180320F1E3590D7AFC4 /* Support */ = {
			isa = PBXGroup;
			children = (
				A43AF186382C2DB2625D4225 /* Info.plist */,
			);
			path = Support;
			sourceTree = "<group>";
		};
		C0B34CC11EF7A14DC8140E6D /* Community */ = {
			isa = PBXGroup;
			children = (
				442FC01A12B75C0C6CBE722C /* CommunityViewController.swift */,
			);
			path = Community;
			sourceTree = "<group>";
		};
		C73E0C7678B48E305092B480 /* App */ = {
			isa = PBXGroup;
			children = (
				0462A09CF604C9BC84A0852B /* Coordinator */,
			);
			path = App;
			sourceTree = "<group>";
		};
		D1C342025FEEF0B29041959D /* Coordinator */ = {
			isa = PBXGroup;
			children = (
				9D37F217C39C5195741955CB /* CommunityCoordinator.swift */,
				E022465894A836A2FF80F1A1 /* HomeCoordinator.swift */,
				434BE75A857357DD29BAAC2F /* MyPageCoordinator.swift */,
				7F34E2252ABA4A72DE665B51 /* RecordCoordinator.swift */,
				B47960FF0B8BFABBCD25396C /* SingleGameCoordinator.swift */,
				4010B66DF2D014CDE20DEC70 /* TabBarCoordinator.swift */,
			);
			path = Coordinator;
			sourceTree = "<group>";
		};
		D1CC1DB5DD28EC872E8CA40D /* Base */ = {
			isa = PBXGroup;
			children = (
				97B566222E7E2A97FBE5210D /* BaseViewModel.swift */,
				9EEBA47E6B1211F093F57CBF /* MapBaseViewController.swift */,
			);
			path = Base;
			sourceTree = "<group>";
		};
		DAA51C8AE99B70C4187CF61A /* Signup */ = {
			isa = PBXGroup;
			children = (
				B91B457DFF55ECB8EA62697F /* SignupViewController.swift */,
			);
			path = Signup;
			sourceTree = "<group>";
		};
		EF8C716656F19B6EA8D1041E /* SingleGame */ = {
			isa = PBXGroup;
			children = (
				6A1D695521C981937377AD17 /* SingleGameViewController.swift */,
				F58B89907175CD6F3A5647CE /* SingleGameViewModel.swift */,
			);
			path = SingleGame;
			sourceTree = "<group>";
		};
		FC72DADC1FA039FBD72D008C /* Auth */ = {
			isa = PBXGroup;
			children = (
				8837CE8423F1B3DEB664D2CC /* Coordinator */,
				0C41A62BFAD83ADE614F9A8F /* Login */,
				DAA51C8AE99B70C4187CF61A /* Signup */,
			);
			path = Auth;
			sourceTree = "<group>";
		};
/* End PBXGroup section */

/* Begin PBXNativeTarget section */
		10154B3E2010E4409175A5E1 /* AchaTests */ = {
			isa = PBXNativeTarget;
			buildConfigurationList = A53E04274C07F50F833C96C7 /* Build configuration list for PBXNativeTarget "AchaTests" */;
			buildPhases = (
				F13C5051EFD0047A79967DE1 /* Sources */,
				90BCA2FAB0777B3A53F55E57 /* Resources */,
				686646C2DBF1C8B595EE09AE /* Embed Frameworks */,
				7944C0DCAE83A16EBCF300F9 /* Frameworks */,
			);
			buildRules = (
			);
			dependencies = (
				43D3B75093A5D96EB3FD4C78 /* PBXTargetDependency */,
			);
			name = AchaTests;
			productName = AchaTests;
			productReference = B06EAF464F44CE79ACAF2A7B /* AchaTests.xctest */;
			productType = "com.apple.product-type.bundle.unit-test";
		};
		63F8526BA97AD12E80A3CD99 /* Acha */ = {
			isa = PBXNativeTarget;
			buildConfigurationList = 644425744D086CD6259E301A /* Build configuration list for PBXNativeTarget "Acha" */;
			buildPhases = (
				3F3C5394E7C24A8CC8416FE8 /* SwiftLintString */,
				EDBB3E3BCC0E43EC8C7C5FAD /* Sources */,
				756E454D70EA3A0AC55E14F9 /* Resources */,
				F8F9AEA7DED45F01FC236278 /* Embed Frameworks */,
				589FE823E2DD76EC5C752DD7 /* Frameworks */,
			);
			buildRules = (
			);
			dependencies = (
			);
			name = Acha;
			productName = Acha;
			productReference = BAC4012EF1E490733A69C73E /* Acha.app */;
			productType = "com.apple.product-type.application";
		};
/* End PBXNativeTarget section */

/* Begin PBXProject section */
		372FC89AB9B1B9476AF94C94 /* Project object */ = {
			isa = PBXProject;
			attributes = {
				ORGANIZATIONNAME = Acha;
				TargetAttributes = {
					10154B3E2010E4409175A5E1 = {
						TestTargetID = 63F8526BA97AD12E80A3CD99;
					};
				};
			};
			buildConfigurationList = BEF2EBD332D78D7D1E3B7B51 /* Build configuration list for PBXProject "Acha" */;
			compatibilityVersion = "Xcode 13.0";
			developmentRegion = en;
			hasScannedForEncodings = 0;
			knownRegions = (
				Base,
				en,
			);
			mainGroup = 2409A6B1B1BE854D500FDC78;
			productRefGroup = 12E10E5437EE85AEA7643314 /* Products */;
			projectDirPath = "";
			projectRoot = "";
			targets = (
				63F8526BA97AD12E80A3CD99 /* Acha */,
				10154B3E2010E4409175A5E1 /* AchaTests */,
			);
		};
/* End PBXProject section */

/* Begin PBXResourcesBuildPhase section */
		756E454D70EA3A0AC55E14F9 /* Resources */ = {
			isa = PBXResourcesBuildPhase;
			buildActionMask = 2147483647;
			files = (
				1D5476F540182D3A94A07CEB /* Assets.xcassets in Resources */,
				9C6A23C85F647F4017896447 /* LaunchScreen.storyboard in Resources */,
			);
			runOnlyForDeploymentPostprocessing = 0;
		};
		90BCA2FAB0777B3A53F55E57 /* Resources */ = {
			isa = PBXResourcesBuildPhase;
			buildActionMask = 2147483647;
			files = (
			);
			runOnlyForDeploymentPostprocessing = 0;
		};
/* End PBXResourcesBuildPhase section */

/* Begin PBXShellScriptBuildPhase section */
		3F3C5394E7C24A8CC8416FE8 /* SwiftLintString */ = {
			isa = PBXShellScriptBuildPhase;
			buildActionMask = 2147483647;
			files = (
			);
			inputFileListPaths = (
			);
			inputPaths = (
			);
			name = SwiftLintString;
			outputFileListPaths = (
			);
			outputPaths = (
			);
			runOnlyForDeploymentPostprocessing = 0;
			shellPath = /bin/sh;
			shellScript = "if test -d \"/opt/homebrew/bin/\"; then\n    PATH=\"/opt/homebrew/bin/:${PATH}\"\nfi\n\nexport PATH\n\nif which swiftlint > /dev/null; then\n    swiftlint\nelse\n    echo \"warning: SwiftLint not installed, download from https://github.com/realm/SwiftLint\"\nfi";
		};
/* End PBXShellScriptBuildPhase section */

/* Begin PBXSourcesBuildPhase section */
		EDBB3E3BCC0E43EC8C7C5FAD /* Sources */ = {
			isa = PBXSourcesBuildPhase;
			buildActionMask = 2147483647;
			files = (
				DB8C5E1E10DD7D7EF265A364 /* TuistAssets+Acha.swift in Sources */,
				040328A3B584B0C7D6CECA38 /* TuistBundle+Acha.swift in Sources */,
				5D41F4161304F01D7A0ACEAC /* AppCoordinator.swift in Sources */,
				FBDD26E4230A080FDA1743C9 /* Coordinator.swift in Sources */,
				7B43E7755EA865B909D9C433 /* AppDelegate.swift in Sources */,
				A25FFC8DAB77B7412E38F9D0 /* SceneDelegate.swift in Sources */,
				8CB61BEE3428FFDEBA5C2331 /* Map.swift in Sources */,
				15F7DC96B9A4D413F16C6C2B /* RecordViewChartData.swift in Sources */,
				DA8C0811B45BC2F34BFCD754 /* RecordViewDayTotalRecord.swift in Sources */,
				A760A8EAFE7C2AB1A9294539 /* RecordViewHeaderRecord.swift in Sources */,
				AB6C8D02BADF54D0933DE599 /* RecordViewRecord.swift in Sources */,
				DF1F33383981F5B30285BA8E /* AuthCoordinator.swift in Sources */,
				39AECA26BE86D43449543461 /* LoginCoordinator.swift in Sources */,
				8D6D690CE21F6F91C39CCFED /* SignupCoordinator .swift in Sources */,
				3B0B4F46BC32281B2C517140 /* LoginViewController.swift in Sources */,
				485A91E641E6ABB6BD9F0B6B /* SignupViewController.swift in Sources */,
				FB68878334C72BDBA3F6BF54 /* BaseViewModel.swift in Sources */,
				C5FC9184A2756E7BAD04B456 /* MapBaseViewController.swift in Sources */,
				DE90047DFEEDAEC534BFC6F2 /* CommunityViewController.swift in Sources */,
				33A0AFA0AE8EBEEE89F5B615 /* CommunityCoordinator.swift in Sources */,
				AA4108847D3A211213527028 /* HomeCoordinator.swift in Sources */,
				907356E35C0CFBC3C1B278A2 /* MyPageCoordinator.swift in Sources */,
				2FD06D636DAE48F4C3067671 /* RecordCoordinator.swift in Sources */,
				3CDEED6F111AF1F19FA20CB5 /* SingleGameCoordinator.swift in Sources */,
				49D5D325AB5F1628E54CABA3 /* TabBarCoordinator.swift in Sources */,
				EC34AD07F3101E2705E5A322 /* GameOverViewController.swift in Sources */,
				44487C99CC6EA388279642DE /* GamePlayMenuView.swift in Sources */,
				82DB77F93057A025A3581643 /* HomeViewController.swift in Sources */,
				11C95AF8903AD1C5D474F0DE /* HomeViewModel.swift in Sources */,
				1053F68A12637CB90D2CE78B /* InGameMenuCollectionViewCell.swift in Sources */,
				C6E51FE75ECE1C60B3AC7020 /* InGamePlayMenuViewController.swift in Sources */,
				D6C1804014958DD48D8D2148 /* InGameRankingViewController.swift in Sources */,
				5AFFCFF382ABE420FEBEC37C /* InGameRecordViewController.swift in Sources */,
				C2041AD555F74765F3F18618 /* InGameMenuModelProtocol.swift in Sources */,
				D3DD1B23A7785B831F5F6C7B /* DistanceAndTimeBar.swift in Sources */,
				656A7FBABCA12D7170C88E4F /* PaddingLabel.swift in Sources */,
				D5D626611220F69E2F1F4905 /* SelectMapRecordCell.swift in Sources */,
				10DFE29C53A9A25232FFE010 /* SelectMapViewController.swift in Sources */,
				4B9334E6F007D8892BEF49C1 /* SelectMapViewModel.swift in Sources */,
				294B606420803CA55A72F563 /* SingleGameViewController.swift in Sources */,
				25B98E5137BA5EF815F1EC94 /* SingleGameViewModel.swift in Sources */,
				FEB8C87FEFA9366ACD637EF7 /* MyPageViewController.swift in Sources */,
				E883AD834960AB418786A08B /* RecordCell.swift in Sources */,
				1ED94405C9439ABC930C1F9A /* RecordChartCell.swift in Sources */,
				6E145A38A4E53F53555F8A65 /* RecordHeaderView.swift in Sources */,
				9C8E60EE78050948ABB0CFE1 /* RecordViewController.swift in Sources */,
				920986E3D749094D3FE111E6 /* RecordViewModel.swift in Sources */,
				54143067E1DDAEE25C98B7B2 /* ImageConstants.swift in Sources */,
				056359BECBA3FB41B4216348 /* Errors.swift in Sources */,
				4B52DDBBE9B3471DFC5389B2 /* SystemImageNameSpace.swift in Sources */,
				1B42CEECB8ACEAD2D61FD105 /* TabBarType.swift in Sources */,
				EC251B06C60B395A9CBB1EC0 /* CALayer+Extension.swift in Sources */,
				77C905457B75124FD8BDDB5C /* CLLocationCoordinate2D+.swift in Sources */,
				211F21D897A3C5EB4F711873 /* Date+Extension.swift in Sources */,
				C70056C31FF20977BC0DD1B5 /* Double+.swift in Sources */,
				83E3CB8B8631FA6DE78579EA /* Int+Extension.swift in Sources */,
				78C45D254D84984E6066142B /* UIButton+.swift in Sources */,
				04CBB2493F5397CF4566FEF1 /* UIColor+.swift in Sources */,
				39F3313B2356D099559E14FE /* UIFont+.swift in Sources */,
				2A1BEB99AA04AF2EBFB677E5 /* MapAnnotation.swift in Sources */,
			);
			runOnlyForDeploymentPostprocessing = 0;
		};
		F13C5051EFD0047A79967DE1 /* Sources */ = {
			isa = PBXSourcesBuildPhase;
			buildActionMask = 2147483647;
			files = (
			);
			runOnlyForDeploymentPostprocessing = 0;
		};
/* End PBXSourcesBuildPhase section */

/* Begin PBXTargetDependency section */
		43D3B75093A5D96EB3FD4C78 /* PBXTargetDependency */ = {
			isa = PBXTargetDependency;
			name = Acha;
			target = 63F8526BA97AD12E80A3CD99 /* Acha */;
			targetProxy = EE7DF1E622A3787C74CC1BC2 /* PBXContainerItemProxy */;
		};
/* End PBXTargetDependency section */

/* Begin XCBuildConfiguration section */
		120E1886E0F7BCC43961A9A5 /* Debug */ = {
			isa = XCBuildConfiguration;
			buildSettings = {
				ASSETCATALOG_COMPILER_APPICON_NAME = AppIcon;
				CODE_SIGN_IDENTITY = "iPhone Developer";
				ENABLE_PREVIEWS = YES;
				INFOPLIST_FILE = Support/Info.plist;
				IPHONEOS_DEPLOYMENT_TARGET = 14.0;
				LD_RUNPATH_SEARCH_PATHS = (
					"$(inherited)",
					"@executable_path/Frameworks",
				);
				PRODUCT_BUNDLE_IDENTIFIER = co.boostcamp.Acha;
				PRODUCT_NAME = Acha;
				SDKROOT = iphoneos;
				SUPPORTS_MACCATALYST = NO;
				SWIFT_ACTIVE_COMPILATION_CONDITIONS = DEBUG;
				SWIFT_COMPILATION_MODE = singlefile;
				SWIFT_OPTIMIZATION_LEVEL = "-Onone";
				SWIFT_VERSION = 5.0;
				TARGETED_DEVICE_FAMILY = "1,2";
			};
			name = Debug;
		};
		59A25D314FE98A8CF631FB06 /* Debug */ = {
			isa = XCBuildConfiguration;
			buildSettings = {
				ALWAYS_SEARCH_USER_PATHS = NO;
				CLANG_ANALYZER_LOCALIZABILITY_NONLOCALIZED = YES;
				CLANG_ANALYZER_NONNULL = YES;
				CLANG_ANALYZER_NUMBER_OBJECT_CONVERSION = YES_AGGRESSIVE;
				CLANG_CXX_LANGUAGE_STANDARD = "gnu++14";
				CLANG_CXX_LIBRARY = "libc++";
				CLANG_ENABLE_MODULES = YES;
				CLANG_ENABLE_OBJC_ARC = YES;
				CLANG_ENABLE_OBJC_WEAK = YES;
				CLANG_WARN_BLOCK_CAPTURE_AUTORELEASING = YES;
				CLANG_WARN_BOOL_CONVERSION = YES;
				CLANG_WARN_COMMA = YES;
				CLANG_WARN_CONSTANT_CONVERSION = YES;
				CLANG_WARN_DEPRECATED_OBJC_IMPLEMENTATIONS = YES;
				CLANG_WARN_DIRECT_OBJC_ISA_USAGE = YES_ERROR;
				CLANG_WARN_DOCUMENTATION_COMMENTS = YES;
				CLANG_WARN_EMPTY_BODY = YES;
				CLANG_WARN_ENUM_CONVERSION = YES;
				CLANG_WARN_INFINITE_RECURSION = YES;
				CLANG_WARN_INT_CONVERSION = YES;
				CLANG_WARN_NON_LITERAL_NULL_CONVERSION = YES;
				CLANG_WARN_OBJC_IMPLICIT_RETAIN_SELF = YES;
				CLANG_WARN_OBJC_LITERAL_CONVERSION = YES;
				CLANG_WARN_OBJC_ROOT_CLASS = YES_ERROR;
				CLANG_WARN_QUOTED_INCLUDE_IN_FRAMEWORK_HEADER = YES;
				CLANG_WARN_RANGE_LOOP_ANALYSIS = YES;
				CLANG_WARN_STRICT_PROTOTYPES = YES;
				CLANG_WARN_SUSPICIOUS_MOVE = YES;
				CLANG_WARN_UNGUARDED_AVAILABILITY = YES_AGGRESSIVE;
				CLANG_WARN_UNREACHABLE_CODE = YES;
				CLANG_WARN__DUPLICATE_METHOD_MATCH = YES;
				COPY_PHASE_STRIP = NO;
				DEAD_CODE_STRIPPING = YES;
				DEBUG_INFORMATION_FORMAT = dwarf;
				ENABLE_STRICT_OBJC_MSGSEND = YES;
				ENABLE_TESTABILITY = YES;
				GCC_C_LANGUAGE_STANDARD = gnu11;
				GCC_DYNAMIC_NO_PIC = NO;
				GCC_NO_COMMON_BLOCKS = YES;
				GCC_OPTIMIZATION_LEVEL = 0;
				GCC_PREPROCESSOR_DEFINITIONS = (
					"DEBUG=1",
					"$(inherited)",
				);
				GCC_WARN_64_TO_32_BIT_CONVERSION = YES;
				GCC_WARN_ABOUT_RETURN_TYPE = YES_ERROR;
				GCC_WARN_UNDECLARED_SELECTOR = YES;
				GCC_WARN_UNINITIALIZED_AUTOS = YES_AGGRESSIVE;
				GCC_WARN_UNUSED_FUNCTION = YES;
				GCC_WARN_UNUSED_VARIABLE = YES;
				MTL_ENABLE_DEBUG_INFO = YES;
				ONLY_ACTIVE_ARCH = YES;
				PRODUCT_NAME = "$(TARGET_NAME)";
			};
			name = Debug;
		};
		755867B1F2256D8FD361AFBB /* Release */ = {
			isa = XCBuildConfiguration;
			buildSettings = {
				ASSETCATALOG_COMPILER_APPICON_NAME = AppIcon;
				CODE_SIGN_IDENTITY = "iPhone Developer";
				ENABLE_PREVIEWS = YES;
				INFOPLIST_FILE = Support/Info.plist;
				IPHONEOS_DEPLOYMENT_TARGET = 14.0;
				LD_RUNPATH_SEARCH_PATHS = (
					"$(inherited)",
					"@executable_path/Frameworks",
				);
				PRODUCT_BUNDLE_IDENTIFIER = co.boostcamp.Acha;
				PRODUCT_NAME = Acha;
				SDKROOT = iphoneos;
				SUPPORTS_MACCATALYST = NO;
				SWIFT_COMPILATION_MODE = wholemodule;
				SWIFT_OPTIMIZATION_LEVEL = "-Owholemodule";
				SWIFT_VERSION = 5.0;
				TARGETED_DEVICE_FAMILY = "1,2";
			};
			name = Release;
		};
		A1CEF4F392006F6AA93CC29C /* Debug */ = {
			isa = XCBuildConfiguration;
			buildSettings = {
				BUNDLE_LOADER = "$(TEST_HOST)";
				CODE_SIGN_IDENTITY = "iPhone Developer";
				INFOPLIST_FILE = "Derived/InfoPlists/AchaTests-Info.plist";
				IPHONEOS_DEPLOYMENT_TARGET = 14.0;
				LD_RUNPATH_SEARCH_PATHS = (
					"$(inherited)",
					"@executable_path/Frameworks",
					"@loader_path/Frameworks",
				);
				PRODUCT_BUNDLE_IDENTIFIER = Acha.AchaTests;
				PRODUCT_NAME = AchaTests;
				SDKROOT = iphoneos;
				SUPPORTS_MACCATALYST = NO;
				SWIFT_ACTIVE_COMPILATION_CONDITIONS = DEBUG;
				SWIFT_COMPILATION_MODE = singlefile;
				SWIFT_OPTIMIZATION_LEVEL = "-Onone";
				SWIFT_VERSION = 5.0;
				TARGETED_DEVICE_FAMILY = "1,2";
				TEST_HOST = "$(BUILT_PRODUCTS_DIR)/Acha.app/Acha";
				TEST_TARGET_NAME = Acha;
			};
			name = Debug;
		};
		B74AF0651E92947EC2171E66 /* Release */ = {
			isa = XCBuildConfiguration;
			buildSettings = {
				BUNDLE_LOADER = "$(TEST_HOST)";
				CODE_SIGN_IDENTITY = "iPhone Developer";
				INFOPLIST_FILE = "Derived/InfoPlists/AchaTests-Info.plist";
				IPHONEOS_DEPLOYMENT_TARGET = 14.0;
				LD_RUNPATH_SEARCH_PATHS = (
					"$(inherited)",
					"@executable_path/Frameworks",
					"@loader_path/Frameworks",
				);
				PRODUCT_BUNDLE_IDENTIFIER = Acha.AchaTests;
				PRODUCT_NAME = AchaTests;
				SDKROOT = iphoneos;
				SUPPORTS_MACCATALYST = NO;
				SWIFT_COMPILATION_MODE = wholemodule;
				SWIFT_OPTIMIZATION_LEVEL = "-Owholemodule";
				SWIFT_VERSION = 5.0;
				TARGETED_DEVICE_FAMILY = "1,2";
				TEST_HOST = "$(BUILT_PRODUCTS_DIR)/Acha.app/Acha";
				TEST_TARGET_NAME = Acha;
			};
			name = Release;
		};
		D17A49FCA02C2B6741CC88D8 /* Release */ = {
			isa = XCBuildConfiguration;
			buildSettings = {
				ALWAYS_SEARCH_USER_PATHS = NO;
				CLANG_ANALYZER_LOCALIZABILITY_NONLOCALIZED = YES;
				CLANG_ANALYZER_NONNULL = YES;
				CLANG_ANALYZER_NUMBER_OBJECT_CONVERSION = YES_AGGRESSIVE;
				CLANG_CXX_LANGUAGE_STANDARD = "gnu++14";
				CLANG_CXX_LIBRARY = "libc++";
				CLANG_ENABLE_MODULES = YES;
				CLANG_ENABLE_OBJC_ARC = YES;
				CLANG_ENABLE_OBJC_WEAK = YES;
				CLANG_WARN_BLOCK_CAPTURE_AUTORELEASING = YES;
				CLANG_WARN_BOOL_CONVERSION = YES;
				CLANG_WARN_COMMA = YES;
				CLANG_WARN_CONSTANT_CONVERSION = YES;
				CLANG_WARN_DEPRECATED_OBJC_IMPLEMENTATIONS = YES;
				CLANG_WARN_DIRECT_OBJC_ISA_USAGE = YES_ERROR;
				CLANG_WARN_DOCUMENTATION_COMMENTS = YES;
				CLANG_WARN_EMPTY_BODY = YES;
				CLANG_WARN_ENUM_CONVERSION = YES;
				CLANG_WARN_INFINITE_RECURSION = YES;
				CLANG_WARN_INT_CONVERSION = YES;
				CLANG_WARN_NON_LITERAL_NULL_CONVERSION = YES;
				CLANG_WARN_OBJC_IMPLICIT_RETAIN_SELF = YES;
				CLANG_WARN_OBJC_LITERAL_CONVERSION = YES;
				CLANG_WARN_OBJC_ROOT_CLASS = YES_ERROR;
				CLANG_WARN_QUOTED_INCLUDE_IN_FRAMEWORK_HEADER = YES;
				CLANG_WARN_RANGE_LOOP_ANALYSIS = YES;
				CLANG_WARN_STRICT_PROTOTYPES = YES;
				CLANG_WARN_SUSPICIOUS_MOVE = YES;
				CLANG_WARN_UNGUARDED_AVAILABILITY = YES_AGGRESSIVE;
				CLANG_WARN_UNREACHABLE_CODE = YES;
				CLANG_WARN__DUPLICATE_METHOD_MATCH = YES;
				COPY_PHASE_STRIP = NO;
				DEAD_CODE_STRIPPING = YES;
				DEBUG_INFORMATION_FORMAT = "dwarf-with-dsym";
				ENABLE_NS_ASSERTIONS = NO;
				ENABLE_STRICT_OBJC_MSGSEND = YES;
				GCC_C_LANGUAGE_STANDARD = gnu11;
				GCC_NO_COMMON_BLOCKS = YES;
				GCC_WARN_64_TO_32_BIT_CONVERSION = YES;
				GCC_WARN_ABOUT_RETURN_TYPE = YES_ERROR;
				GCC_WARN_UNDECLARED_SELECTOR = YES;
				GCC_WARN_UNINITIALIZED_AUTOS = YES_AGGRESSIVE;
				GCC_WARN_UNUSED_FUNCTION = YES;
				GCC_WARN_UNUSED_VARIABLE = YES;
				MTL_ENABLE_DEBUG_INFO = NO;
				PRODUCT_NAME = "$(TARGET_NAME)";
				VALIDATE_PRODUCT = YES;
			};
			name = Release;
		};
/* End XCBuildConfiguration section */

/* Begin XCConfigurationList section */
		644425744D086CD6259E301A /* Build configuration list for PBXNativeTarget "Acha" */ = {
			isa = XCConfigurationList;
			buildConfigurations = (
				120E1886E0F7BCC43961A9A5 /* Debug */,
				755867B1F2256D8FD361AFBB /* Release */,
			);
			defaultConfigurationIsVisible = 0;
			defaultConfigurationName = Release;
		};
		A53E04274C07F50F833C96C7 /* Build configuration list for PBXNativeTarget "AchaTests" */ = {
			isa = XCConfigurationList;
			buildConfigurations = (
				A1CEF4F392006F6AA93CC29C /* Debug */,
				B74AF0651E92947EC2171E66 /* Release */,
			);
			defaultConfigurationIsVisible = 0;
			defaultConfigurationName = Release;
		};
		BEF2EBD332D78D7D1E3B7B51 /* Build configuration list for PBXProject "Acha" */ = {
			isa = XCConfigurationList;
			buildConfigurations = (
				59A25D314FE98A8CF631FB06 /* Debug */,
				D17A49FCA02C2B6741CC88D8 /* Release */,
			);
			defaultConfigurationIsVisible = 0;
			defaultConfigurationName = Release;
		};
/* End XCConfigurationList section */
	};
	rootObject = 372FC89AB9B1B9476AF94C94 /* Project object */;
}
