// !$*UTF8*$!
{
	archiveVersion = 1;
	classes = {
	};
	objectVersion = 52;
	objects = {

/* Begin PBXBuildFile section */
		24564C13F2C60AD057B3C7CB /* FirebaseDatabase in Frameworks */ = {isa = PBXBuildFile; productRef = 14E369F3CCE215096107CF9D /* FirebaseDatabase */; };
		487399DB9C8FBB2A4B78BFA7 /* ThirdPartyLib.framework in Frameworks */ = {isa = PBXBuildFile; fileRef = 7DC52CFF6683FA84E78694E9 /* ThirdPartyLib.framework */; platformFilter = ios; };
		4B3035AC7430DB42C2ECB778 /* Then in Frameworks */ = {isa = PBXBuildFile; productRef = 9CB06C9A67985C996931493D /* Then */; };
		633C99C70C5C9CBBAEEB1797 /* SnapKit in Frameworks */ = {isa = PBXBuildFile; productRef = 3E240A155052B7A2B1AB612B /* SnapKit */; };
		800560CF9BE5B04DD7851D74 /* RxSwift in Frameworks */ = {isa = PBXBuildFile; productRef = A3B24DBD3633CEF3300D5764 /* RxSwift */; };
		854451AF72F045EAA502284E /* RealmSwift in Frameworks */ = {isa = PBXBuildFile; productRef = 66BA4EA0DF6FEED33F092E58 /* RealmSwift */; };
		AE042A986F4AC6D07B42A12C /* RxCocoa in Frameworks */ = {isa = PBXBuildFile; productRef = BBAFB731BF7FA9431A1035E6 /* RxCocoa */; };
		E15E88253EBE744FE7F38D3A /* FirebaseAuth in Frameworks */ = {isa = PBXBuildFile; productRef = 2C2AFE015BA1F881B3AB9013 /* FirebaseAuth */; };
/* End PBXBuildFile section */

/* Begin PBXContainerItemProxy section */
		3AE5DD820BC641EFFEF866A4 /* PBXContainerItemProxy */ = {
			isa = PBXContainerItemProxy;
			containerPortal = 6AB1D2D9B77394C894B54FC7 /* Project object */;
			proxyType = 1;
			remoteGlobalIDString = F01E11161170C8F2E81DBA6D;
			remoteInfo = ThirdPartyLib;
		};
/* End PBXContainerItemProxy section */

/* Begin PBXCopyFilesBuildPhase section */
		3942D3D1EBD9F198B136947E /* Embed Frameworks */ = {
			isa = PBXCopyFilesBuildPhase;
			buildActionMask = 2147483647;
			dstPath = "";
			dstSubfolderSpec = 10;
			files = (
			);
			name = "Embed Frameworks";
			runOnlyForDeploymentPostprocessing = 0;
		};
		8C0ABBE8E8ECC5FEBCB03DC9 /* Embed Frameworks */ = {
			isa = PBXCopyFilesBuildPhase;
			buildActionMask = 2147483647;
			dstPath = "";
			dstSubfolderSpec = 10;
			files = (
			);
			name = "Embed Frameworks";
			runOnlyForDeploymentPostprocessing = 0;
		};
/* End PBXCopyFilesBuildPhase section */

/* Begin PBXFileReference section */
		7DC52CFF6683FA84E78694E9 /* ThirdPartyLib.framework */ = {isa = PBXFileReference; explicitFileType = wrapper.framework; includeInIndex = 0; path = ThirdPartyLib.framework; sourceTree = BUILT_PRODUCTS_DIR; };
		A8CC2E9B272A9C7755B9A43D /* ThirdPartyLibTests-Info.plist */ = {isa = PBXFileReference; lastKnownFileType = text.plist; path = "ThirdPartyLibTests-Info.plist"; sourceTree = "<group>"; };
		AFAB913FDAEB2440EFF0AEDF /* ThirdPartyLibTests.xctest */ = {isa = PBXFileReference; explicitFileType = wrapper.cfbundle; includeInIndex = 0; path = ThirdPartyLibTests.xctest; sourceTree = BUILT_PRODUCTS_DIR; };
		EFED1E1A4600EB01B963541C /* ThirdPartyLib-Info.plist */ = {isa = PBXFileReference; lastKnownFileType = text.plist; path = "ThirdPartyLib-Info.plist"; sourceTree = "<group>"; };
/* End PBXFileReference section */

/* Begin PBXFrameworksBuildPhase section */
		B1D00114E5BE2F1A207E89DD /* Frameworks */ = {
			isa = PBXFrameworksBuildPhase;
			buildActionMask = 2147483647;
			files = (
				487399DB9C8FBB2A4B78BFA7 /* ThirdPartyLib.framework in Frameworks */,
			);
			runOnlyForDeploymentPostprocessing = 0;
		};
		B99E51376B1865F90E7FC5A2 /* Frameworks */ = {
			isa = PBXFrameworksBuildPhase;
			buildActionMask = 2147483647;
			files = (
				800560CF9BE5B04DD7851D74 /* RxSwift in Frameworks */,
				AE042A986F4AC6D07B42A12C /* RxCocoa in Frameworks */,
				E15E88253EBE744FE7F38D3A /* FirebaseAuth in Frameworks */,
				24564C13F2C60AD057B3C7CB /* FirebaseDatabase in Frameworks */,
				4B3035AC7430DB42C2ECB778 /* Then in Frameworks */,
				633C99C70C5C9CBBAEEB1797 /* SnapKit in Frameworks */,
				854451AF72F045EAA502284E /* RealmSwift in Frameworks */,
			);
			runOnlyForDeploymentPostprocessing = 0;
		};
/* End PBXFrameworksBuildPhase section */

/* Begin PBXGroup section */
		1D26C5ED9539F41DD040F20E /* Frameworks */ = {
			isa = PBXGroup;
			children = (
			);
			name = Frameworks;
			sourceTree = "<group>";
		};
		4C4143C6FBBBA176D0B985FC /* Derived */ = {
			isa = PBXGroup;
			children = (
				CE1C6FFED547B2E398B34D86 /* InfoPlists */,
			);
			path = Derived;
			sourceTree = "<group>";
		};
		99610B6746DED12D992F54AB /* Products */ = {
			isa = PBXGroup;
			children = (
				7DC52CFF6683FA84E78694E9 /* ThirdPartyLib.framework */,
				AFAB913FDAEB2440EFF0AEDF /* ThirdPartyLibTests.xctest */,
			);
			name = Products;
			sourceTree = "<group>";
		};
		AA3F4A6E62A393D49C77DD59 = {
			isa = PBXGroup;
			children = (
				B8B38AEE399BCA04B8C45480 /* Project */,
				1D26C5ED9539F41DD040F20E /* Frameworks */,
				99610B6746DED12D992F54AB /* Products */,
			);
			sourceTree = "<group>";
		};
		B8B38AEE399BCA04B8C45480 /* Project */ = {
			isa = PBXGroup;
			children = (
				4C4143C6FBBBA176D0B985FC /* Derived */,
			);
			name = Project;
			sourceTree = "<group>";
		};
		CE1C6FFED547B2E398B34D86 /* InfoPlists */ = {
			isa = PBXGroup;
			children = (
				EFED1E1A4600EB01B963541C /* ThirdPartyLib-Info.plist */,
				A8CC2E9B272A9C7755B9A43D /* ThirdPartyLibTests-Info.plist */,
			);
			path = InfoPlists;
			sourceTree = "<group>";
		};
/* End PBXGroup section */

/* Begin PBXNativeTarget section */
		72EC3D2839A998BE00FC4228 /* ThirdPartyLibTests */ = {
			isa = PBXNativeTarget;
			buildConfigurationList = 2498ABE0B92F5E4CB4045D56 /* Build configuration list for PBXNativeTarget "ThirdPartyLibTests" */;
			buildPhases = (
				45DCA7042CABBA7F8835FDA9 /* Sources */,
				FDC3BE01F2D41CE6B43E2994 /* Resources */,
				3942D3D1EBD9F198B136947E /* Embed Frameworks */,
				B1D00114E5BE2F1A207E89DD /* Frameworks */,
			);
			buildRules = (
			);
			dependencies = (
				DD11D2351656AD1A36B99CA0 /* PBXTargetDependency */,
			);
			name = ThirdPartyLibTests;
			productName = ThirdPartyLibTests;
			productReference = AFAB913FDAEB2440EFF0AEDF /* ThirdPartyLibTests.xctest */;
			productType = "com.apple.product-type.bundle.unit-test";
		};
		F01E11161170C8F2E81DBA6D /* ThirdPartyLib */ = {
			isa = PBXNativeTarget;
			buildConfigurationList = 521D4C40206546E8486C2048 /* Build configuration list for PBXNativeTarget "ThirdPartyLib" */;
			buildPhases = (
				6ACA2A8BFD35B7D6BC5E6091 /* SwiftLintString */,
				1A85FADB299DF68919A68141 /* Sources */,
				E045ED9805DDDB97B05EDB92 /* Resources */,
				8C0ABBE8E8ECC5FEBCB03DC9 /* Embed Frameworks */,
				B99E51376B1865F90E7FC5A2 /* Frameworks */,
			);
			buildRules = (
			);
			dependencies = (
			);
			name = ThirdPartyLib;
			packageProductDependencies = (
				A3B24DBD3633CEF3300D5764 /* RxSwift */,
				BBAFB731BF7FA9431A1035E6 /* RxCocoa */,
				2C2AFE015BA1F881B3AB9013 /* FirebaseAuth */,
				14E369F3CCE215096107CF9D /* FirebaseDatabase */,
				9CB06C9A67985C996931493D /* Then */,
				3E240A155052B7A2B1AB612B /* SnapKit */,
				66BA4EA0DF6FEED33F092E58 /* RealmSwift */,
			);
			productName = ThirdPartyLib;
			productReference = 7DC52CFF6683FA84E78694E9 /* ThirdPartyLib.framework */;
			productType = "com.apple.product-type.framework";
		};
/* End PBXNativeTarget section */

/* Begin PBXProject section */
		6AB1D2D9B77394C894B54FC7 /* Project object */ = {
			isa = PBXProject;
			attributes = {
				ORGANIZATIONNAME = Acha;
				TargetAttributes = {
				};
			};
			buildConfigurationList = 4CFA055D3A83A6FB27DEA8BF /* Build configuration list for PBXProject "ThirdPartyLib" */;
			compatibilityVersion = "Xcode 13.0";
			developmentRegion = en;
			hasScannedForEncodings = 0;
			knownRegions = (
				Base,
				en,
			);
			mainGroup = AA3F4A6E62A393D49C77DD59;
			packageReferences = (
				3FA8F3C35FD8D14950D1D6CE /* XCRemoteSwiftPackageReference "RxSwift" */,
				398D10554B5C32E841AD89F2 /* XCRemoteSwiftPackageReference "SnapKit" */,
				E62A09934F16E495706947C3 /* XCRemoteSwiftPackageReference "Then" */,
				6D162CE41E2B40FA4DFF1930 /* XCRemoteSwiftPackageReference "firebase-ios-sdk" */,
				373FCC1F871491DBF80D862E /* XCRemoteSwiftPackageReference "realm-swift" */,
			);
			productRefGroup = 99610B6746DED12D992F54AB /* Products */;
			projectDirPath = "";
			projectRoot = "";
			targets = (
				F01E11161170C8F2E81DBA6D /* ThirdPartyLib */,
				72EC3D2839A998BE00FC4228 /* ThirdPartyLibTests */,
			);
		};
/* End PBXProject section */

/* Begin PBXResourcesBuildPhase section */
		E045ED9805DDDB97B05EDB92 /* Resources */ = {
			isa = PBXResourcesBuildPhase;
			buildActionMask = 2147483647;
			files = (
			);
			runOnlyForDeploymentPostprocessing = 0;
		};
		FDC3BE01F2D41CE6B43E2994 /* Resources */ = {
			isa = PBXResourcesBuildPhase;
			buildActionMask = 2147483647;
			files = (
			);
			runOnlyForDeploymentPostprocessing = 0;
		};
/* End PBXResourcesBuildPhase section */

/* Begin PBXShellScriptBuildPhase section */
		6ACA2A8BFD35B7D6BC5E6091 /* SwiftLintString */ = {
			isa = PBXShellScriptBuildPhase;
			buildActionMask = 2147483647;
			files = (
			);
			inputFileListPaths = (
			);
			inputPaths = (
			);
			name = SwiftLintString;
			outputFileListPaths = (
			);
			outputPaths = (
			);
			runOnlyForDeploymentPostprocessing = 0;
			shellPath = /bin/sh;
			shellScript = "if test -d \"/opt/homebrew/bin/\"; then\n    PATH=\"/opt/homebrew/bin/:${PATH}\"\nfi\n\nexport PATH\n\nif which swiftlint > /dev/null; then\n    swiftlint\nelse\n    echo \"warning: SwiftLint not installed, download from https://github.com/realm/SwiftLint\"\nfi";
		};
/* End PBXShellScriptBuildPhase section */

/* Begin PBXSourcesBuildPhase section */
		1A85FADB299DF68919A68141 /* Sources */ = {
			isa = PBXSourcesBuildPhase;
			buildActionMask = 2147483647;
			files = (
			);
			runOnlyForDeploymentPostprocessing = 0;
		};
		45DCA7042CABBA7F8835FDA9 /* Sources */ = {
			isa = PBXSourcesBuildPhase;
			buildActionMask = 2147483647;
			files = (
			);
			runOnlyForDeploymentPostprocessing = 0;
		};
/* End PBXSourcesBuildPhase section */

/* Begin PBXTargetDependency section */
		DD11D2351656AD1A36B99CA0 /* PBXTargetDependency */ = {
			isa = PBXTargetDependency;
			name = ThirdPartyLib;
			target = F01E11161170C8F2E81DBA6D /* ThirdPartyLib */;
			targetProxy = 3AE5DD820BC641EFFEF866A4 /* PBXContainerItemProxy */;
		};
/* End PBXTargetDependency section */

/* Begin XCBuildConfiguration section */
		2D765F88D69E5FB50163C243 /* Debug */ = {
			isa = XCBuildConfiguration;
			buildSettings = {
				CODE_SIGN_IDENTITY = "";
				CURRENT_PROJECT_VERSION = 1;
				DEFINES_MODULE = YES;
				DYLIB_COMPATIBILITY_VERSION = 1;
				DYLIB_CURRENT_VERSION = 1;
				DYLIB_INSTALL_NAME_BASE = "@rpath";
				INFOPLIST_FILE = "Derived/InfoPlists/ThirdPartyLib-Info.plist";
				INSTALL_PATH = "$(LOCAL_LIBRARY_DIR)/Frameworks";
				IPHONEOS_DEPLOYMENT_TARGET = 14.0;
				LD_RUNPATH_SEARCH_PATHS = (
					"$(inherited)",
					"@executable_path/Frameworks",
					"@loader_path/Frameworks",
				);
				PRODUCT_BUNDLE_IDENTIFIER = co.boostcamp.ThirdPartyLib;
				PRODUCT_NAME = ThirdPartyLib;
				SDKROOT = iphoneos;
				SKIP_INSTALL = YES;
				SUPPORTS_MACCATALYST = NO;
				SWIFT_ACTIVE_COMPILATION_CONDITIONS = DEBUG;
				SWIFT_COMPILATION_MODE = singlefile;
				SWIFT_OPTIMIZATION_LEVEL = "-Onone";
				SWIFT_VERSION = 5.0;
				TARGETED_DEVICE_FAMILY = "1,2";
				VERSIONING_SYSTEM = "apple-generic";
				VERSION_INFO_PREFIX = "";
			};
			name = Debug;
		};
		2FEFD1DAB13D6C14F08A5EEC /* Release */ = {
			isa = XCBuildConfiguration;
			buildSettings = {
				CODE_SIGN_IDENTITY = "iPhone Developer";
				INFOPLIST_FILE = "Derived/InfoPlists/ThirdPartyLibTests-Info.plist";
				IPHONEOS_DEPLOYMENT_TARGET = 14.0;
				LD_RUNPATH_SEARCH_PATHS = (
					"$(inherited)",
					"@executable_path/Frameworks",
					"@loader_path/Frameworks",
				);
				PRODUCT_BUNDLE_IDENTIFIER = Acha.ThirdPartyLibTests;
				PRODUCT_NAME = ThirdPartyLibTests;
				SDKROOT = iphoneos;
				SUPPORTS_MACCATALYST = NO;
				SWIFT_COMPILATION_MODE = wholemodule;
				SWIFT_OPTIMIZATION_LEVEL = "-Owholemodule";
				SWIFT_VERSION = 5.0;
				TARGETED_DEVICE_FAMILY = "1,2";
			};
			name = Release;
		};
		494AF7C6F83D952C09932BD7 /* Debug */ = {
			isa = XCBuildConfiguration;
			buildSettings = {
				CODE_SIGN_IDENTITY = "iPhone Developer";
				INFOPLIST_FILE = "Derived/InfoPlists/ThirdPartyLibTests-Info.plist";
				IPHONEOS_DEPLOYMENT_TARGET = 14.0;
				LD_RUNPATH_SEARCH_PATHS = (
					"$(inherited)",
					"@executable_path/Frameworks",
					"@loader_path/Frameworks",
				);
				PRODUCT_BUNDLE_IDENTIFIER = Acha.ThirdPartyLibTests;
				PRODUCT_NAME = ThirdPartyLibTests;
				SDKROOT = iphoneos;
				SUPPORTS_MACCATALYST = NO;
				SWIFT_ACTIVE_COMPILATION_CONDITIONS = DEBUG;
				SWIFT_COMPILATION_MODE = singlefile;
				SWIFT_OPTIMIZATION_LEVEL = "-Onone";
				SWIFT_VERSION = 5.0;
				TARGETED_DEVICE_FAMILY = "1,2";
			};
			name = Debug;
		};
		80B036C2EEB8372B7DE85E79 /* Debug */ = {
			isa = XCBuildConfiguration;
			buildSettings = {
				ALWAYS_SEARCH_USER_PATHS = NO;
				CLANG_ANALYZER_LOCALIZABILITY_NONLOCALIZED = YES;
				CLANG_ANALYZER_NONNULL = YES;
				CLANG_ANALYZER_NUMBER_OBJECT_CONVERSION = YES_AGGRESSIVE;
				CLANG_CXX_LANGUAGE_STANDARD = "gnu++14";
				CLANG_CXX_LIBRARY = "libc++";
				CLANG_ENABLE_MODULES = YES;
				CLANG_ENABLE_OBJC_ARC = YES;
				CLANG_ENABLE_OBJC_WEAK = YES;
				CLANG_WARN_BLOCK_CAPTURE_AUTORELEASING = YES;
				CLANG_WARN_BOOL_CONVERSION = YES;
				CLANG_WARN_COMMA = YES;
				CLANG_WARN_CONSTANT_CONVERSION = YES;
				CLANG_WARN_DEPRECATED_OBJC_IMPLEMENTATIONS = YES;
				CLANG_WARN_DIRECT_OBJC_ISA_USAGE = YES_ERROR;
				CLANG_WARN_DOCUMENTATION_COMMENTS = YES;
				CLANG_WARN_EMPTY_BODY = YES;
				CLANG_WARN_ENUM_CONVERSION = YES;
				CLANG_WARN_INFINITE_RECURSION = YES;
				CLANG_WARN_INT_CONVERSION = YES;
				CLANG_WARN_NON_LITERAL_NULL_CONVERSION = YES;
				CLANG_WARN_OBJC_IMPLICIT_RETAIN_SELF = YES;
				CLANG_WARN_OBJC_LITERAL_CONVERSION = YES;
				CLANG_WARN_OBJC_ROOT_CLASS = YES_ERROR;
				CLANG_WARN_QUOTED_INCLUDE_IN_FRAMEWORK_HEADER = YES;
				CLANG_WARN_RANGE_LOOP_ANALYSIS = YES;
				CLANG_WARN_STRICT_PROTOTYPES = YES;
				CLANG_WARN_SUSPICIOUS_MOVE = YES;
				CLANG_WARN_UNGUARDED_AVAILABILITY = YES_AGGRESSIVE;
				CLANG_WARN_UNREACHABLE_CODE = YES;
				CLANG_WARN__DUPLICATE_METHOD_MATCH = YES;
				COPY_PHASE_STRIP = NO;
				DEAD_CODE_STRIPPING = YES;
				DEBUG_INFORMATION_FORMAT = dwarf;
				ENABLE_STRICT_OBJC_MSGSEND = YES;
				ENABLE_TESTABILITY = YES;
				GCC_C_LANGUAGE_STANDARD = gnu11;
				GCC_DYNAMIC_NO_PIC = NO;
				GCC_NO_COMMON_BLOCKS = YES;
				GCC_OPTIMIZATION_LEVEL = 0;
				GCC_PREPROCESSOR_DEFINITIONS = (
					"DEBUG=1",
					"$(inherited)",
				);
				GCC_WARN_64_TO_32_BIT_CONVERSION = YES;
				GCC_WARN_ABOUT_RETURN_TYPE = YES_ERROR;
				GCC_WARN_UNDECLARED_SELECTOR = YES;
				GCC_WARN_UNINITIALIZED_AUTOS = YES_AGGRESSIVE;
				GCC_WARN_UNUSED_FUNCTION = YES;
				GCC_WARN_UNUSED_VARIABLE = YES;
				MTL_ENABLE_DEBUG_INFO = YES;
				ONLY_ACTIVE_ARCH = YES;
				PRODUCT_NAME = "$(TARGET_NAME)";
			};
			name = Debug;
		};
		83DB1A6AA17AC4D4CB93A96A /* Release */ = {
			isa = XCBuildConfiguration;
			buildSettings = {
				ALWAYS_SEARCH_USER_PATHS = NO;
				CLANG_ANALYZER_LOCALIZABILITY_NONLOCALIZED = YES;
				CLANG_ANALYZER_NONNULL = YES;
				CLANG_ANALYZER_NUMBER_OBJECT_CONVERSION = YES_AGGRESSIVE;
				CLANG_CXX_LANGUAGE_STANDARD = "gnu++14";
				CLANG_CXX_LIBRARY = "libc++";
				CLANG_ENABLE_MODULES = YES;
				CLANG_ENABLE_OBJC_ARC = YES;
				CLANG_ENABLE_OBJC_WEAK = YES;
				CLANG_WARN_BLOCK_CAPTURE_AUTORELEASING = YES;
				CLANG_WARN_BOOL_CONVERSION = YES;
				CLANG_WARN_COMMA = YES;
				CLANG_WARN_CONSTANT_CONVERSION = YES;
				CLANG_WARN_DEPRECATED_OBJC_IMPLEMENTATIONS = YES;
				CLANG_WARN_DIRECT_OBJC_ISA_USAGE = YES_ERROR;
				CLANG_WARN_DOCUMENTATION_COMMENTS = YES;
				CLANG_WARN_EMPTY_BODY = YES;
				CLANG_WARN_ENUM_CONVERSION = YES;
				CLANG_WARN_INFINITE_RECURSION = YES;
				CLANG_WARN_INT_CONVERSION = YES;
				CLANG_WARN_NON_LITERAL_NULL_CONVERSION = YES;
				CLANG_WARN_OBJC_IMPLICIT_RETAIN_SELF = YES;
				CLANG_WARN_OBJC_LITERAL_CONVERSION = YES;
				CLANG_WARN_OBJC_ROOT_CLASS = YES_ERROR;
				CLANG_WARN_QUOTED_INCLUDE_IN_FRAMEWORK_HEADER = YES;
				CLANG_WARN_RANGE_LOOP_ANALYSIS = YES;
				CLANG_WARN_STRICT_PROTOTYPES = YES;
				CLANG_WARN_SUSPICIOUS_MOVE = YES;
				CLANG_WARN_UNGUARDED_AVAILABILITY = YES_AGGRESSIVE;
				CLANG_WARN_UNREACHABLE_CODE = YES;
				CLANG_WARN__DUPLICATE_METHOD_MATCH = YES;
				COPY_PHASE_STRIP = NO;
				DEAD_CODE_STRIPPING = YES;
				DEBUG_INFORMATION_FORMAT = "dwarf-with-dsym";
				ENABLE_NS_ASSERTIONS = NO;
				ENABLE_STRICT_OBJC_MSGSEND = YES;
				GCC_C_LANGUAGE_STANDARD = gnu11;
				GCC_NO_COMMON_BLOCKS = YES;
				GCC_WARN_64_TO_32_BIT_CONVERSION = YES;
				GCC_WARN_ABOUT_RETURN_TYPE = YES_ERROR;
				GCC_WARN_UNDECLARED_SELECTOR = YES;
				GCC_WARN_UNINITIALIZED_AUTOS = YES_AGGRESSIVE;
				GCC_WARN_UNUSED_FUNCTION = YES;
				GCC_WARN_UNUSED_VARIABLE = YES;
				MTL_ENABLE_DEBUG_INFO = NO;
				PRODUCT_NAME = "$(TARGET_NAME)";
				VALIDATE_PRODUCT = YES;
			};
			name = Release;
		};
		EFED9F63A022EC74A4BE1C7F /* Release */ = {
			isa = XCBuildConfiguration;
			buildSettings = {
				CODE_SIGN_IDENTITY = "";
				CURRENT_PROJECT_VERSION = 1;
				DEFINES_MODULE = YES;
				DYLIB_COMPATIBILITY_VERSION = 1;
				DYLIB_CURRENT_VERSION = 1;
				DYLIB_INSTALL_NAME_BASE = "@rpath";
				INFOPLIST_FILE = "Derived/InfoPlists/ThirdPartyLib-Info.plist";
				INSTALL_PATH = "$(LOCAL_LIBRARY_DIR)/Frameworks";
				IPHONEOS_DEPLOYMENT_TARGET = 14.0;
				LD_RUNPATH_SEARCH_PATHS = (
					"$(inherited)",
					"@executable_path/Frameworks",
					"@loader_path/Frameworks",
				);
				PRODUCT_BUNDLE_IDENTIFIER = co.boostcamp.ThirdPartyLib;
				PRODUCT_NAME = ThirdPartyLib;
				SDKROOT = iphoneos;
				SKIP_INSTALL = YES;
				SUPPORTS_MACCATALYST = NO;
				SWIFT_COMPILATION_MODE = wholemodule;
				SWIFT_OPTIMIZATION_LEVEL = "-Owholemodule";
				SWIFT_VERSION = 5.0;
				TARGETED_DEVICE_FAMILY = "1,2";
				VERSIONING_SYSTEM = "apple-generic";
				VERSION_INFO_PREFIX = "";
			};
			name = Release;
		};
/* End XCBuildConfiguration section */

/* Begin XCConfigurationList section */
		2498ABE0B92F5E4CB4045D56 /* Build configuration list for PBXNativeTarget "ThirdPartyLibTests" */ = {
			isa = XCConfigurationList;
			buildConfigurations = (
				494AF7C6F83D952C09932BD7 /* Debug */,
				2FEFD1DAB13D6C14F08A5EEC /* Release */,
			);
			defaultConfigurationIsVisible = 0;
			defaultConfigurationName = Release;
		};
		4CFA055D3A83A6FB27DEA8BF /* Build configuration list for PBXProject "ThirdPartyLib" */ = {
			isa = XCConfigurationList;
			buildConfigurations = (
				80B036C2EEB8372B7DE85E79 /* Debug */,
				83DB1A6AA17AC4D4CB93A96A /* Release */,
			);
			defaultConfigurationIsVisible = 0;
			defaultConfigurationName = Release;
		};
		521D4C40206546E8486C2048 /* Build configuration list for PBXNativeTarget "ThirdPartyLib" */ = {
			isa = XCConfigurationList;
			buildConfigurations = (
				2D765F88D69E5FB50163C243 /* Debug */,
				EFED9F63A022EC74A4BE1C7F /* Release */,
			);
			defaultConfigurationIsVisible = 0;
			defaultConfigurationName = Release;
		};
/* End XCConfigurationList section */

/* Begin XCRemoteSwiftPackageReference section */
		373FCC1F871491DBF80D862E /* XCRemoteSwiftPackageReference "realm-swift" */ = {
			isa = XCRemoteSwiftPackageReference;
			repositoryURL = "https://github.com/realm/realm-swift.git";
			requirement = {
				kind = upToNextMajorVersion;
				minimumVersion = 10.0.0;
			};
		};
		398D10554B5C32E841AD89F2 /* XCRemoteSwiftPackageReference "SnapKit" */ = {
			isa = XCRemoteSwiftPackageReference;
			repositoryURL = "https://github.com/SnapKit/SnapKit.git";
			requirement = {
				kind = upToNextMajorVersion;
				minimumVersion = 5.0.0;
			};
		};
		3FA8F3C35FD8D14950D1D6CE /* XCRemoteSwiftPackageReference "RxSwift" */ = {
			isa = XCRemoteSwiftPackageReference;
			repositoryURL = "https://github.com/ReactiveX/RxSwift";
			requirement = {
				kind = upToNextMajorVersion;
				minimumVersion = 6.0.0;
			};
		};
		6D162CE41E2B40FA4DFF1930 /* XCRemoteSwiftPackageReference "firebase-ios-sdk" */ = {
			isa = XCRemoteSwiftPackageReference;
			repositoryURL = "https://github.com/firebase/firebase-ios-sdk.git";
			requirement = {
				kind = upToNextMajorVersion;
				minimumVersion = 9.0.0;
			};
		};
		E62A09934F16E495706947C3 /* XCRemoteSwiftPackageReference "Then" */ = {
			isa = XCRemoteSwiftPackageReference;
			repositoryURL = "https://github.com/devxoul/Then.git";
			requirement = {
				kind = upToNextMajorVersion;
				minimumVersion = 3.0.0;
			};
		};
/* End XCRemoteSwiftPackageReference section */

/* Begin XCSwiftPackageProductDependency section */
		14E369F3CCE215096107CF9D /* FirebaseDatabase */ = {
			isa = XCSwiftPackageProductDependency;
			productName = FirebaseDatabase;
		};
		2C2AFE015BA1F881B3AB9013 /* FirebaseAuth */ = {
			isa = XCSwiftPackageProductDependency;
			productName = FirebaseAuth;
		};
		3E240A155052B7A2B1AB612B /* SnapKit */ = {
			isa = XCSwiftPackageProductDependency;
			productName = SnapKit;
		};
		66BA4EA0DF6FEED33F092E58 /* RealmSwift */ = {
			isa = XCSwiftPackageProductDependency;
			productName = RealmSwift;
		};
		9CB06C9A67985C996931493D /* Then */ = {
			isa = XCSwiftPackageProductDependency;
			productName = Then;
		};
		A3B24DBD3633CEF3300D5764 /* RxSwift */ = {
			isa = XCSwiftPackageProductDependency;
			productName = RxSwift;
		};
		BBAFB731BF7FA9431A1035E6 /* RxCocoa */ = {
			isa = XCSwiftPackageProductDependency;
			productName = RxCocoa;
		};
/* End XCSwiftPackageProductDependency section */
	};
	rootObject = 6AB1D2D9B77394C894B54FC7 /* Project object */;
}
